PODS:
  - SwiftLint (0.45.1)
  - Swinject (2.8.1)

DEPENDENCIES:
  - SwiftLint
  - Swinject

SPEC REPOS:
  trunk:
    - SwiftLint
    - Swinject

SPEC CHECKSUMS:
  SwiftLint: 06ac37e4d38c7068e0935bb30cda95f093bec761
  Swinject: 97112918bd7e0785dc2df7036213f3c8cbba6586

PODFILE CHECKSUM: 33d05eb5191ad4eed6f33f30d25b987b4ae36ec4

COCOAPODS: 1.11.2
