// !$*UTF8*$!
{
	archiveVersion = 1;
	classes = {
	};
	objectVersion = 55;
	objects = {

/* Begin PBXBuildFile section */
		4E1210D32788ABC6007591D1 /* Marvel_HerosApp.swift in Sources */ = {isa = PBXBuildFile; fileRef = 4E1210D22788ABC6007591D1 /* Marvel_HerosApp.swift */; };
		4E1210D52788ABC6007591D1 /* ContentView.swift in Sources */ = {isa = PBXBuildFile; fileRef = 4E1210D42788ABC6007591D1 /* ContentView.swift */; };
		4E1210D72788ABC9007591D1 /* Assets.xcassets in Resources */ = {isa = PBXBuildFile; fileRef = 4E1210D62788ABC9007591D1 /* Assets.xcassets */; };
		4E1210DA2788ABC9007591D1 /* Preview Assets.xcassets in Resources */ = {isa = PBXBuildFile; fileRef = 4E1210D92788ABC9007591D1 /* Preview Assets.xcassets */; };
		4E1210E42788ABC9007591D1 /* Marvel_HerosTests.swift in Sources */ = {isa = PBXBuildFile; fileRef = 4E1210E32788ABC9007591D1 /* Marvel_HerosTests.swift */; };
		4E1210EE2788ABC9007591D1 /* Marvel_HerosUITests.swift in Sources */ = {isa = PBXBuildFile; fileRef = 4E1210ED2788ABC9007591D1 /* Marvel_HerosUITests.swift */; };
		4E1210F02788ABC9007591D1 /* Marvel_HerosUITestsLaunchTests.swift in Sources */ = {isa = PBXBuildFile; fileRef = 4E1210EF2788ABC9007591D1 /* Marvel_HerosUITestsLaunchTests.swift */; };
/* End PBXBuildFile section */

/* Begin PBXContainerItemProxy section */
		4E1210E02788ABC9007591D1 /* PBXContainerItemProxy */ = {
			isa = PBXContainerItemProxy;
			containerPortal = 4E1210C72788ABC6007591D1 /* Project object */;
			proxyType = 1;
			remoteGlobalIDString = 4E1210CE2788ABC6007591D1;
			remoteInfo = "Marvel Heros";
		};
		4E1210EA2788ABC9007591D1 /* PBXContainerItemProxy */ = {
			isa = PBXContainerItemProxy;
			containerPortal = 4E1210C72788ABC6007591D1 /* Project object */;
			proxyType = 1;
			remoteGlobalIDString = 4E1210CE2788ABC6007591D1;
			remoteInfo = "Marvel Heros";
		};
/* End PBXContainerItemProxy section */

/* Begin PBXFileReference section */
		4E1210CF2788ABC6007591D1 /* Marvel Heros.app */ = {isa = PBXFileReference; explicitFileType = wrapper.application; includeInIndex = 0; path = "Marvel Heros.app"; sourceTree = BUILT_PRODUCTS_DIR; };
		4E1210D22788ABC6007591D1 /* Marvel_HerosApp.swift */ = {isa = PBXFileReference; lastKnownFileType = sourcecode.swift; path = Marvel_HerosApp.swift; sourceTree = "<group>"; };
		4E1210D42788ABC6007591D1 /* ContentView.swift */ = {isa = PBXFileReference; lastKnownFileType = sourcecode.swift; path = ContentView.swift; sourceTree = "<group>"; };
		4E1210D62788ABC9007591D1 /* Assets.xcassets */ = {isa = PBXFileReference; lastKnownFileType = folder.assetcatalog; path = Assets.xcassets; sourceTree = "<group>"; };
		4E1210D92788ABC9007591D1 /* Preview Assets.xcassets */ = {isa = PBXFileReference; lastKnownFileType = folder.assetcatalog; path = "Preview Assets.xcassets"; sourceTree = "<group>"; };
		4E1210DF2788ABC9007591D1 /* Marvel HerosTests.xctest */ = {isa = PBXFileReference; explicitFileType = wrapper.cfbundle; includeInIndex = 0; path = "Marvel HerosTests.xctest"; sourceTree = BUILT_PRODUCTS_DIR; };
		4E1210E32788ABC9007591D1 /* Marvel_HerosTests.swift */ = {isa = PBXFileReference; lastKnownFileType = sourcecode.swift; path = Marvel_HerosTests.swift; sourceTree = "<group>"; };
		4E1210E92788ABC9007591D1 /* Marvel HerosUITests.xctest */ = {isa = PBXFileReference; explicitFileType = wrapper.cfbundle; includeInIndex = 0; path = "Marvel HerosUITests.xctest"; sourceTree = BUILT_PRODUCTS_DIR; };
		4E1210ED2788ABC9007591D1 /* Marvel_HerosUITests.swift */ = {isa = PBXFileReference; lastKnownFileType = sourcecode.swift; path = Marvel_HerosUITests.swift; sourceTree = "<group>"; };
		4E1210EF2788ABC9007591D1 /* Marvel_HerosUITestsLaunchTests.swift */ = {isa = PBXFileReference; lastKnownFileType = sourcecode.swift; path = Marvel_HerosUITestsLaunchTests.swift; sourceTree = "<group>"; };
/* End PBXFileReference section */

/* Begin PBXFrameworksBuildPhase section */
		4E1210CC2788ABC6007591D1 /* Frameworks */ = {
			isa = PBXFrameworksBuildPhase;
			buildActionMask = 2147483647;
			files = (
			);
			runOnlyForDeploymentPostprocessing = 0;
		};
		4E1210DC2788ABC9007591D1 /* Frameworks */ = {
			isa = PBXFrameworksBuildPhase;
			buildActionMask = 2147483647;
			files = (
			);
			runOnlyForDeploymentPostprocessing = 0;
		};
		4E1210E62788ABC9007591D1 /* Frameworks */ = {
			isa = PBXFrameworksBuildPhase;
			buildActionMask = 2147483647;
			files = (
			);
			runOnlyForDeploymentPostprocessing = 0;
		};
/* End PBXFrameworksBuildPhase section */

/* Begin PBXGroup section */
		4E1210C62788ABC6007591D1 = {
			isa = PBXGroup;
			children = (
				4E1210D12788ABC6007591D1 /* Marvel Heros */,
				4E1210E22788ABC9007591D1 /* Marvel HerosTests */,
				4E1210EC2788ABC9007591D1 /* Marvel HerosUITests */,
				4E1210D02788ABC6007591D1 /* Products */,
			);
			sourceTree = "<group>";
		};
		4E1210D02788ABC6007591D1 /* Products */ = {
			isa = PBXGroup;
			children = (
				4E1210CF2788ABC6007591D1 /* Marvel Heros.app */,
				4E1210DF2788ABC9007591D1 /* Marvel HerosTests.xctest */,
				4E1210E92788ABC9007591D1 /* Marvel HerosUITests.xctest */,
			);
			name = Products;
			sourceTree = "<group>";
		};
		4E1210D12788ABC6007591D1 /* Marvel Heros */ = {
			isa = PBXGroup;
			children = (
				4E1210D22788ABC6007591D1 /* Marvel_HerosApp.swift */,
				4E1210D42788ABC6007591D1 /* ContentView.swift */,
				4E1210D62788ABC9007591D1 /* Assets.xcassets */,
				4E1210D82788ABC9007591D1 /* Preview Content */,
			);
			path = "Marvel Heros";
			sourceTree = "<group>";
		};
		4E1210D82788ABC9007591D1 /* Preview Content */ = {
			isa = PBXGroup;
			children = (
				4E1210D92788ABC9007591D1 /* Preview Assets.xcassets */,
			);
			path = "Preview Content";
			sourceTree = "<group>";
		};
		4E1210E22788ABC9007591D1 /* Marvel HerosTests */ = {
			isa = PBXGroup;
			children = (
				4E1210E32788ABC9007591D1 /* Marvel_HerosTests.swift */,
			);
			path = "Marvel HerosTests";
			sourceTree = "<group>";
		};
		4E1210EC2788ABC9007591D1 /* Marvel HerosUITests */ = {
			isa = PBXGroup;
			children = (
				4E1210ED2788ABC9007591D1 /* Marvel_HerosUITests.swift */,
				4E1210EF2788ABC9007591D1 /* Marvel_HerosUITestsLaunchTests.swift */,
			);
			path = "Marvel HerosUITests";
			sourceTree = "<group>";
		};
/* End PBXGroup section */

/* Begin PBXNativeTarget section */
		4E1210CE2788ABC6007591D1 /* Marvel Heros */ = {
			isa = PBXNativeTarget;
			buildConfigurationList = 4E1210F32788ABC9007591D1 /* Build configuration list for PBXNativeTarget "Marvel Heros" */;
			buildPhases = (
				4E1210CB2788ABC6007591D1 /* Sources */,
				4E1210CC2788ABC6007591D1 /* Frameworks */,
				4E1210CD2788ABC6007591D1 /* Resources */,
			);
			buildRules = (
			);
			dependencies = (
			);
			name = "Marvel Heros";
			productName = "Marvel Heros";
			productReference = 4E1210CF2788ABC6007591D1 /* Marvel Heros.app */;
			productType = "com.apple.product-type.application";
		};
		4E1210DE2788ABC9007591D1 /* Marvel HerosTests */ = {
			isa = PBXNativeTarget;
			buildConfigurationList = 4E1210F62788ABC9007591D1 /* Build configuration list for PBXNativeTarget "Marvel HerosTests" */;
			buildPhases = (
				4E1210DB2788ABC9007591D1 /* Sources */,
				4E1210DC2788ABC9007591D1 /* Frameworks */,
				4E1210DD2788ABC9007591D1 /* Resources */,
			);
			buildRules = (
			);
			dependencies = (
				4E1210E12788ABC9007591D1 /* PBXTargetDependency */,
			);
			name = "Marvel HerosTests";
			productName = "Marvel HerosTests";
			productReference = 4E1210DF2788ABC9007591D1 /* Marvel HerosTests.xctest */;
			productType = "com.apple.product-type.bundle.unit-test";
		};
		4E1210E82788ABC9007591D1 /* Marvel HerosUITests */ = {
			isa = PBXNativeTarget;
			buildConfigurationList = 4E1210F92788ABC9007591D1 /* Build configuration list for PBXNativeTarget "Marvel HerosUITests" */;
			buildPhases = (
				4E1210E52788ABC9007591D1 /* Sources */,
				4E1210E62788ABC9007591D1 /* Frameworks */,
				4E1210E72788ABC9007591D1 /* Resources */,
			);
			buildRules = (
			);
			dependencies = (
				4E1210EB2788ABC9007591D1 /* PBXTargetDependency */,
			);
			name = "Marvel HerosUITests";
			productName = "Marvel HerosUITests";
			productReference = 4E1210E92788ABC9007591D1 /* Marvel HerosUITests.xctest */;
			productType = "com.apple.product-type.bundle.ui-testing";
		};
/* End PBXNativeTarget section */

/* Begin PBXProject section */
		4E1210C72788ABC6007591D1 /* Project object */ = {
			isa = PBXProject;
			attributes = {
				BuildIndependentTargetsInParallel = 1;
				LastSwiftUpdateCheck = 1310;
				LastUpgradeCheck = 1310;
				TargetAttributes = {
					4E1210CE2788ABC6007591D1 = {
						CreatedOnToolsVersion = 13.1;
					};
					4E1210DE2788ABC9007591D1 = {
						CreatedOnToolsVersion = 13.1;
						TestTargetID = 4E1210CE2788ABC6007591D1;
					};
					4E1210E82788ABC9007591D1 = {
						CreatedOnToolsVersion = 13.1;
						TestTargetID = 4E1210CE2788ABC6007591D1;
					};
				};
			};
			buildConfigurationList = 4E1210CA2788ABC6007591D1 /* Build configuration list for PBXProject "Marvel Heros" */;
			compatibilityVersion = "Xcode 13.0";
			developmentRegion = en;
			hasScannedForEncodings = 0;
			knownRegions = (
				en,
				Base,
			);
			mainGroup = 4E1210C62788ABC6007591D1;
			productRefGroup = 4E1210D02788ABC6007591D1 /* Products */;
			projectDirPath = "";
			projectRoot = "";
			targets = (
				4E1210CE2788ABC6007591D1 /* Marvel Heros */,
				4E1210DE2788ABC9007591D1 /* Marvel HerosTests */,
				4E1210E82788ABC9007591D1 /* Marvel HerosUITests */,
			);
		};
/* End PBXProject section */

/* Begin PBXResourcesBuildPhase section */
		4E1210CD2788ABC6007591D1 /* Resources */ = {
			isa = PBXResourcesBuildPhase;
			buildActionMask = 2147483647;
			files = (
				4E1210DA2788ABC9007591D1 /* Preview Assets.xcassets in Resources */,
				4E1210D72788ABC9007591D1 /* Assets.xcassets in Resources */,
			);
			runOnlyForDeploymentPostprocessing = 0;
		};
		4E1210DD2788ABC9007591D1 /* Resources */ = {
			isa = PBXResourcesBuildPhase;
			buildActionMask = 2147483647;
			files = (
			);
			runOnlyForDeploymentPostprocessing = 0;
		};
		4E1210E72788ABC9007591D1 /* Resources */ = {
			isa = PBXResourcesBuildPhase;
			buildActionMask = 2147483647;
			files = (
			);
			runOnlyForDeploymentPostprocessing = 0;
		};
/* End PBXResourcesBuildPhase section */

/* Begin PBXSourcesBuildPhase section */
		4E1210CB2788ABC6007591D1 /* Sources */ = {
			isa = PBXSourcesBuildPhase;
			buildActionMask = 2147483647;
			files = (
				4E1210D52788ABC6007591D1 /* ContentView.swift in Sources */,
				4E1210D32788ABC6007591D1 /* Marvel_HerosApp.swift in Sources */,
			);
			runOnlyForDeploymentPostprocessing = 0;
		};
		4E1210DB2788ABC9007591D1 /* Sources */ = {
			isa = PBXSourcesBuildPhase;
			buildActionMask = 2147483647;
			files = (
				4E1210E42788ABC9007591D1 /* Marvel_HerosTests.swift in Sources */,
			);
			runOnlyForDeploymentPostprocessing = 0;
		};
		4E1210E52788ABC9007591D1 /* Sources */ = {
			isa = PBXSourcesBuildPhase;
			buildActionMask = 2147483647;
			files = (
				4E1210EE2788ABC9007591D1 /* Marvel_HerosUITests.swift in Sources */,
				4E1210F02788ABC9007591D1 /* Marvel_HerosUITestsLaunchTests.swift in Sources */,
			);
			runOnlyForDeploymentPostprocessing = 0;
		};
/* End PBXSourcesBuildPhase section */

/* Begin PBXTargetDependency section */
		4E1210E12788ABC9007591D1 /* PBXTargetDependency */ = {
			isa = PBXTargetDependency;
			target = 4E1210CE2788ABC6007591D1 /* Marvel Heros */;
			targetProxy = 4E1210E02788ABC9007591D1 /* PBXContainerItemProxy */;
		};
		4E1210EB2788ABC9007591D1 /* PBXTargetDependency */ = {
			isa = PBXTargetDependency;
			target = 4E1210CE2788ABC6007591D1 /* Marvel Heros */;
			targetProxy = 4E1210EA2788ABC9007591D1 /* PBXContainerItemProxy */;
		};
/* End PBXTargetDependency section */

/* Begin XCBuildConfiguration section */
		4E1210F12788ABC9007591D1 /* Debug */ = {
			isa = XCBuildConfiguration;
			buildSettings = {
				ALWAYS_SEARCH_USER_PATHS = NO;
				CLANG_ANALYZER_NONNULL = YES;
				CLANG_ANALYZER_NUMBER_OBJECT_CONVERSION = YES_AGGRESSIVE;
				CLANG_CXX_LANGUAGE_STANDARD = "gnu++17";
				CLANG_CXX_LIBRARY = "libc++";
				CLANG_ENABLE_MODULES = YES;
				CLANG_ENABLE_OBJC_ARC = YES;
				CLANG_ENABLE_OBJC_WEAK = YES;
				CLANG_WARN_BLOCK_CAPTURE_AUTORELEASING = YES;
				CLANG_WARN_BOOL_CONVERSION = YES;
				CLANG_WARN_COMMA = YES;
				CLANG_WARN_CONSTANT_CONVERSION = YES;
				CLANG_WARN_DEPRECATED_OBJC_IMPLEMENTATIONS = YES;
				CLANG_WARN_DIRECT_OBJC_ISA_USAGE = YES_ERROR;
				CLANG_WARN_DOCUMENTATION_COMMENTS = YES;
				CLANG_WARN_EMPTY_BODY = YES;
				CLANG_WARN_ENUM_CONVERSION = YES;
				CLANG_WARN_INFINITE_RECURSION = YES;
				CLANG_WARN_INT_CONVERSION = YES;
				CLANG_WARN_NON_LITERAL_NULL_CONVERSION = YES;
				CLANG_WARN_OBJC_IMPLICIT_RETAIN_SELF = YES;
				CLANG_WARN_OBJC_LITERAL_CONVERSION = YES;
				CLANG_WARN_OBJC_ROOT_CLASS = YES_ERROR;
				CLANG_WARN_QUOTED_INCLUDE_IN_FRAMEWORK_HEADER = YES;
				CLANG_WARN_RANGE_LOOP_ANALYSIS = YES;
				CLANG_WARN_STRICT_PROTOTYPES = YES;
				CLANG_WARN_SUSPICIOUS_MOVE = YES;
				CLANG_WARN_UNGUARDED_AVAILABILITY = YES_AGGRESSIVE;
				CLANG_WARN_UNREACHABLE_CODE = YES;
				CLANG_WARN__DUPLICATE_METHOD_MATCH = YES;
				COPY_PHASE_STRIP = NO;
				DEBUG_INFORMATION_FORMAT = dwarf;
				ENABLE_STRICT_OBJC_MSGSEND = YES;
				ENABLE_TESTABILITY = YES;
				GCC_C_LANGUAGE_STANDARD = gnu11;
				GCC_DYNAMIC_NO_PIC = NO;
				GCC_NO_COMMON_BLOCKS = YES;
				GCC_OPTIMIZATION_LEVEL = 0;
				GCC_PREPROCESSOR_DEFINITIONS = (
					"DEBUG=1",
					"$(inherited)",
				);
				GCC_WARN_64_TO_32_BIT_CONVERSION = YES;
				GCC_WARN_ABOUT_RETURN_TYPE = YES_ERROR;
				GCC_WARN_UNDECLARED_SELECTOR = YES;
				GCC_WARN_UNINITIALIZED_AUTOS = YES_AGGRESSIVE;
				GCC_WARN_UNUSED_FUNCTION = YES;
				GCC_WARN_UNUSED_VARIABLE = YES;
				IPHONEOS_DEPLOYMENT_TARGET = 15.0;
				MTL_ENABLE_DEBUG_INFO = INCLUDE_SOURCE;
				MTL_FAST_MATH = YES;
				ONLY_ACTIVE_ARCH = YES;
				SDKROOT = iphoneos;
				SWIFT_ACTIVE_COMPILATION_CONDITIONS = DEBUG;
				SWIFT_OPTIMIZATION_LEVEL = "-Onone";
			};
			name = Debug;
		};
		4E1210F22788ABC9007591D1 /* Release */ = {
			isa = XCBuildConfiguration;
			buildSettings = {
				ALWAYS_SEARCH_USER_PATHS = NO;
				CLANG_ANALYZER_NONNULL = YES;
				CLANG_ANALYZER_NUMBER_OBJECT_CONVERSION = YES_AGGRESSIVE;
				CLANG_CXX_LANGUAGE_STANDARD = "gnu++17";
				CLANG_CXX_LIBRARY = "libc++";
				CLANG_ENABLE_MODULES = YES;
				CLANG_ENABLE_OBJC_ARC = YES;
				CLANG_ENABLE_OBJC_WEAK = YES;
				CLANG_WARN_BLOCK_CAPTURE_AUTORELEASING = YES;
				CLANG_WARN_BOOL_CONVERSION = YES;
				CLANG_WARN_COMMA = YES;
				CLANG_WARN_CONSTANT_CONVERSION = YES;
				CLANG_WARN_DEPRECATED_OBJC_IMPLEMENTATIONS = YES;
				CLANG_WARN_DIRECT_OBJC_ISA_USAGE = YES_ERROR;
				CLANG_WARN_DOCUMENTATION_COMMENTS = YES;
				CLANG_WARN_EMPTY_BODY = YES;
				CLANG_WARN_ENUM_CONVERSION = YES;
				CLANG_WARN_INFINITE_RECURSION = YES;
				CLANG_WARN_INT_CONVERSION = YES;
				CLANG_WARN_NON_LITERAL_NULL_CONVERSION = YES;
				CLANG_WARN_OBJC_IMPLICIT_RETAIN_SELF = YES;
				CLANG_WARN_OBJC_LITERAL_CONVERSION = YES;
				CLANG_WARN_OBJC_ROOT_CLASS = YES_ERROR;
				CLANG_WARN_QUOTED_INCLUDE_IN_FRAMEWORK_HEADER = YES;
				CLANG_WARN_RANGE_LOOP_ANALYSIS = YES;
				CLANG_WARN_STRICT_PROTOTYPES = YES;
				CLANG_WARN_SUSPICIOUS_MOVE = YES;
				CLANG_WARN_UNGUARDED_AVAILABILITY = YES_AGGRESSIVE;
				CLANG_WARN_UNREACHABLE_CODE = YES;
				CLANG_WARN__DUPLICATE_METHOD_MATCH = YES;
				COPY_PHASE_STRIP = NO;
				DEBUG_INFORMATION_FORMAT = "dwarf-with-dsym";
				ENABLE_NS_ASSERTIONS = NO;
				ENABLE_STRICT_OBJC_MSGSEND = YES;
				GCC_C_LANGUAGE_STANDARD = gnu11;
				GCC_NO_COMMON_BLOCKS = YES;
				GCC_WARN_64_TO_32_BIT_CONVERSION = YES;
				GCC_WARN_ABOUT_RETURN_TYPE = YES_ERROR;
				GCC_WARN_UNDECLARED_SELECTOR = YES;
				GCC_WARN_UNINITIALIZED_AUTOS = YES_AGGRESSIVE;
				GCC_WARN_UNUSED_FUNCTION = YES;
				GCC_WARN_UNUSED_VARIABLE = YES;
				IPHONEOS_DEPLOYMENT_TARGET = 15.0;
				MTL_ENABLE_DEBUG_INFO = NO;
				MTL_FAST_MATH = YES;
				SDKROOT = iphoneos;
				SWIFT_COMPILATION_MODE = wholemodule;
				SWIFT_OPTIMIZATION_LEVEL = "-O";
				VALIDATE_PRODUCT = YES;
			};
			name = Release;
		};
		4E1210F42788ABC9007591D1 /* Debug */ = {
			isa = XCBuildConfiguration;
			buildSettings = {
				ASSETCATALOG_COMPILER_APPICON_NAME = AppIcon;
				ASSETCATALOG_COMPILER_GLOBAL_ACCENT_COLOR_NAME = AccentColor;
				CODE_SIGN_STYLE = Automatic;
				CURRENT_PROJECT_VERSION = 1;
				DEVELOPMENT_ASSET_PATHS = "\"Marvel Heros/Preview Content\"";
				DEVELOPMENT_TEAM = 64J85CZRGD;
				ENABLE_PREVIEWS = YES;
				GENERATE_INFOPLIST_FILE = YES;
				INFOPLIST_KEY_UIApplicationSceneManifest_Generation = YES;
				INFOPLIST_KEY_UIApplicationSupportsIndirectInputEvents = YES;
				INFOPLIST_KEY_UILaunchScreen_Generation = YES;
				INFOPLIST_KEY_UISupportedInterfaceOrientations_iPad = "UIInterfaceOrientationPortrait UIInterfaceOrientationPortraitUpsideDown UIInterfaceOrientationLandscapeLeft UIInterfaceOrientationLandscapeRight";
				INFOPLIST_KEY_UISupportedInterfaceOrientations_iPhone = "UIInterfaceOrientationPortrait UIInterfaceOrientationLandscapeLeft UIInterfaceOrientationLandscapeRight";
				LD_RUNPATH_SEARCH_PATHS = (
					"$(inherited)",
					"@executable_path/Frameworks",
				);
				MARKETING_VERSION = 1.0;
				PRODUCT_BUNDLE_IDENTIFIER = "com.marvel.heros.www.Marvel-Heros";
				PRODUCT_NAME = "$(TARGET_NAME)";
				SWIFT_EMIT_LOC_STRINGS = YES;
				SWIFT_VERSION = 5.0;
				TARGETED_DEVICE_FAMILY = "1,2";
			};
			name = Debug;
		};
		4E1210F52788ABC9007591D1 /* Release */ = {
			isa = XCBuildConfiguration;
			buildSettings = {
				ASSETCATALOG_COMPILER_APPICON_NAME = AppIcon;
				ASSETCATALOG_COMPILER_GLOBAL_ACCENT_COLOR_NAME = AccentColor;
				CODE_SIGN_STYLE = Automatic;
				CURRENT_PROJECT_VERSION = 1;
				DEVELOPMENT_ASSET_PATHS = "\"Marvel Heros/Preview Content\"";
				DEVELOPMENT_TEAM = 64J85CZRGD;
				ENABLE_PREVIEWS = YES;
				GENERATE_INFOPLIST_FILE = YES;
				INFOPLIST_KEY_UIApplicationSceneManifest_Generation = YES;
				INFOPLIST_KEY_UIApplicationSupportsIndirectInputEvents = YES;
				INFOPLIST_KEY_UILaunchScreen_Generation = YES;
				INFOPLIST_KEY_UISupportedInterfaceOrientations_iPad = "UIInterfaceOrientationPortrait UIInterfaceOrientationPortraitUpsideDown UIInterfaceOrientationLandscapeLeft UIInterfaceOrientationLandscapeRight";
				INFOPLIST_KEY_UISupportedInterfaceOrientations_iPhone = "UIInterfaceOrientationPortrait UIInterfaceOrientationLandscapeLeft UIInterfaceOrientationLandscapeRight";
				LD_RUNPATH_SEARCH_PATHS = (
					"$(inherited)",
					"@executable_path/Frameworks",
				);
				MARKETING_VERSION = 1.0;
				PRODUCT_BUNDLE_IDENTIFIER = "com.marvel.heros.www.Marvel-Heros";
				PRODUCT_NAME = "$(TARGET_NAME)";
				SWIFT_EMIT_LOC_STRINGS = YES;
				SWIFT_VERSION = 5.0;
				TARGETED_DEVICE_FAMILY = "1,2";
			};
			name = Release;
		};
		4E1210F72788ABC9007591D1 /* Debug */ = {
			isa = XCBuildConfiguration;
			buildSettings = {
				ALWAYS_EMBED_SWIFT_STANDARD_LIBRARIES = YES;
				BUNDLE_LOADER = "$(TEST_HOST)";
				CODE_SIGN_STYLE = Automatic;
				CURRENT_PROJECT_VERSION = 1;
				DEVELOPMENT_TEAM = 64J85CZRGD;
				GENERATE_INFOPLIST_FILE = YES;
				IPHONEOS_DEPLOYMENT_TARGET = 15.0;
				LD_RUNPATH_SEARCH_PATHS = (
					"$(inherited)",
					"@executable_path/Frameworks",
					"@loader_path/Frameworks",
				);
				MARKETING_VERSION = 1.0;
				PRODUCT_BUNDLE_IDENTIFIER = "com.marvel.heros.www.Marvel-HerosTests";
				PRODUCT_NAME = "$(TARGET_NAME)";
				SWIFT_EMIT_LOC_STRINGS = NO;
				SWIFT_VERSION = 5.0;
				TARGETED_DEVICE_FAMILY = "1,2";
				TEST_HOST = "$(BUILT_PRODUCTS_DIR)/Marvel Heros.app/Marvel Heros";
			};
			name = Debug;
		};
		4E1210F82788ABC9007591D1 /* Release */ = {
			isa = XCBuildConfiguration;
			buildSettings = {
				ALWAYS_EMBED_SWIFT_STANDARD_LIBRARIES = YES;
				BUNDLE_LOADER = "$(TEST_HOST)";
				CODE_SIGN_STYLE = Automatic;
				CURRENT_PROJECT_VERSION = 1;
				DEVELOPMENT_TEAM = 64J85CZRGD;
				GENERATE_INFOPLIST_FILE = YES;
				IPHONEOS_DEPLOYMENT_TARGET = 15.0;
				LD_RUNPATH_SEARCH_PATHS = (
					"$(inherited)",
					"@executable_path/Frameworks",
					"@loader_path/Frameworks",
				);
				MARKETING_VERSION = 1.0;
				PRODUCT_BUNDLE_IDENTIFIER = "com.marvel.heros.www.Marvel-HerosTests";
				PRODUCT_NAME = "$(TARGET_NAME)";
				SWIFT_EMIT_LOC_STRINGS = NO;
				SWIFT_VERSION = 5.0;
				TARGETED_DEVICE_FAMILY = "1,2";
				TEST_HOST = "$(BUILT_PRODUCTS_DIR)/Marvel Heros.app/Marvel Heros";
			};
			name = Release;
		};
		4E1210FA2788ABC9007591D1 /* Debug */ = {
			isa = XCBuildConfiguration;
			buildSettings = {
				ALWAYS_EMBED_SWIFT_STANDARD_LIBRARIES = YES;
				CODE_SIGN_STYLE = Automatic;
				CURRENT_PROJECT_VERSION = 1;
				DEVELOPMENT_TEAM = 64J85CZRGD;
				GENERATE_INFOPLIST_FILE = YES;
				LD_RUNPATH_SEARCH_PATHS = (
					"$(inherited)",
					"@executable_path/Frameworks",
					"@loader_path/Frameworks",
				);
				MARKETING_VERSION = 1.0;
				PRODUCT_BUNDLE_IDENTIFIER = "com.marvel.heros.www.Marvel-HerosUITests";
				PRODUCT_NAME = "$(TARGET_NAME)";
				SWIFT_EMIT_LOC_STRINGS = NO;
				SWIFT_VERSION = 5.0;
				TARGETED_DEVICE_FAMILY = "1,2";
				TEST_TARGET_NAME = "Marvel Heros";
			};
			name = Debug;
		};
		4E1210FB2788ABC9007591D1 /* Release */ = {
			isa = XCBuildConfiguration;
			buildSettings = {
				ALWAYS_EMBED_SWIFT_STANDARD_LIBRARIES = YES;
				CODE_SIGN_STYLE = Automatic;
				CURRENT_PROJECT_VERSION = 1;
				DEVELOPMENT_TEAM = 64J85CZRGD;
				GENERATE_INFOPLIST_FILE = YES;
				LD_RUNPATH_SEARCH_PATHS = (
					"$(inherited)",
					"@executable_path/Frameworks",
					"@loader_path/Frameworks",
				);
				MARKETING_VERSION = 1.0;
				PRODUCT_BUNDLE_IDENTIFIER = "com.marvel.heros.www.Marvel-HerosUITests";
				PRODUCT_NAME = "$(TARGET_NAME)";
				SWIFT_EMIT_LOC_STRINGS = NO;
				SWIFT_VERSION = 5.0;
				TARGETED_DEVICE_FAMILY = "1,2";
				TEST_TARGET_NAME = "Marvel Heros";
			};
			name = Release;
		};
/* End XCBuildConfiguration section */

/* Begin XCConfigurationList section */
		4E1210CA2788ABC6007591D1 /* Build configuration list for PBXProject "Marvel Heros" */ = {
			isa = XCConfigurationList;
			buildConfigurations = (
				4E1210F12788ABC9007591D1 /* Debug */,
				4E1210F22788ABC9007591D1 /* Release */,
			);
			defaultConfigurationIsVisible = 0;
			defaultConfigurationName = Release;
		};
		4E1210F32788ABC9007591D1 /* Build configuration list for PBXNativeTarget "Marvel Heros" */ = {
			isa = XCConfigurationList;
			buildConfigurations = (
				4E1210F42788ABC9007591D1 /* Debug */,
				4E1210F52788ABC9007591D1 /* Release */,
			);
			defaultConfigurationIsVisible = 0;
			defaultConfigurationName = Release;
		};
		4E1210F62788ABC9007591D1 /* Build configuration list for PBXNativeTarget "Marvel HerosTests" */ = {
			isa = XCConfigurationList;
			buildConfigurations = (
				4E1210F72788ABC9007591D1 /* Debug */,
				4E1210F82788ABC9007591D1 /* Release */,
			);
			defaultConfigurationIsVisible = 0;
			defaultConfigurationName = Release;
		};
		4E1210F92788ABC9007591D1 /* Build configuration list for PBXNativeTarget "Marvel HerosUITests" */ = {
			isa = XCConfigurationList;
			buildConfigurations = (
				4E1210FA2788ABC9007591D1 /* Debug */,
				4E1210FB2788ABC9007591D1 /* Release */,
			);
			defaultConfigurationIsVisible = 0;
			defaultConfigurationName = Release;
		};
/* End XCConfigurationList section */
	};
	rootObject = 4E1210C72788ABC6007591D1 /* Project object */;
}
