// !$*UTF8*$!
{
	archiveVersion = 1;
	classes = {
	};
	objectVersion = 55;
	objects = {

/* Begin PBXBuildFile section */
		4E083DCB27899DFF009E7C7F /* Common.framework in Copy FrameWorks */ = {isa = PBXBuildFile; fileRef = 4E083DB427899C44009E7C7F /* Common.framework */; settings = {ATTRIBUTES = (CodeSignOnCopy, RemoveHeadersOnCopy, ); }; };
		4E12134E2788B8E4007591D1 /* HomeApp.swift in Sources */ = {isa = PBXBuildFile; fileRef = 4E12134D2788B8E4007591D1 /* HomeApp.swift */; };
		4E1213502788B8E4007591D1 /* ContentView.swift in Sources */ = {isa = PBXBuildFile; fileRef = 4E12134F2788B8E4007591D1 /* ContentView.swift */; };
		4E1213522788B8E6007591D1 /* Assets.xcassets in Resources */ = {isa = PBXBuildFile; fileRef = 4E1213512788B8E6007591D1 /* Assets.xcassets */; };
		4E1213552788B8E6007591D1 /* Preview Assets.xcassets in Resources */ = {isa = PBXBuildFile; fileRef = 4E1213542788B8E6007591D1 /* Preview Assets.xcassets */; };
		4E12135F2788B8E6007591D1 /* HomeTests.swift in Sources */ = {isa = PBXBuildFile; fileRef = 4E12135E2788B8E6007591D1 /* HomeTests.swift */; };
		4E1213692788B8E6007591D1 /* HomeUITests.swift in Sources */ = {isa = PBXBuildFile; fileRef = 4E1213682788B8E6007591D1 /* HomeUITests.swift */; };
		4E12136B2788B8E6007591D1 /* HomeUITestsLaunchTests.swift in Sources */ = {isa = PBXBuildFile; fileRef = 4E12136A2788B8E6007591D1 /* HomeUITestsLaunchTests.swift */; };
		4E1213D82788C55E007591D1 /* HomeListRow.swift in Sources */ = {isa = PBXBuildFile; fileRef = 4E1213D72788C55E007591D1 /* HomeListRow.swift */; };
		4E1213DB278913AE007591D1 /* HomeList.swift in Sources */ = {isa = PBXBuildFile; fileRef = 4E1213DA278913AE007591D1 /* HomeList.swift */; };
/* End PBXBuildFile section */

/* Begin PBXContainerItemProxy section */
		4E083DB327899C44009E7C7F /* PBXContainerItemProxy */ = {
			isa = PBXContainerItemProxy;
			containerPortal = 4E083DAE27899C44009E7C7F /* Common.xcodeproj */;
			proxyType = 2;
			remoteGlobalIDString = 4E083D8A27899B46009E7C7F;
			remoteInfo = Common;
		};
		4E083DB527899C44009E7C7F /* PBXContainerItemProxy */ = {
			isa = PBXContainerItemProxy;
			containerPortal = 4E083DAE27899C44009E7C7F /* Common.xcodeproj */;
			proxyType = 2;
			remoteGlobalIDString = 4E083D9427899B46009E7C7F;
			remoteInfo = CommonTests;
		};
		4E12135B2788B8E6007591D1 /* PBXContainerItemProxy */ = {
			isa = PBXContainerItemProxy;
			containerPortal = 4E1213422788B8E4007591D1 /* Project object */;
			proxyType = 1;
			remoteGlobalIDString = 4E1213492788B8E4007591D1;
			remoteInfo = Home;
		};
		4E1213652788B8E6007591D1 /* PBXContainerItemProxy */ = {
			isa = PBXContainerItemProxy;
			containerPortal = 4E1213422788B8E4007591D1 /* Project object */;
			proxyType = 1;
			remoteGlobalIDString = 4E1213492788B8E4007591D1;
			remoteInfo = Home;
		};
/* End PBXContainerItemProxy section */

/* Begin PBXCopyFilesBuildPhase section */
		4E083DB727899C5D009E7C7F /* Copy FrameWorks */ = {
			isa = PBXCopyFilesBuildPhase;
			buildActionMask = 2147483647;
			dstPath = "";
			dstSubfolderSpec = 10;
			files = (
				4E083DCB27899DFF009E7C7F /* Common.framework in Copy FrameWorks */,
			);
			name = "Copy FrameWorks";
			runOnlyForDeploymentPostprocessing = 0;
		};
/* End PBXCopyFilesBuildPhase section */

/* Begin PBXFileReference section */
		4E083DAE27899C44009E7C7F /* Common.xcodeproj */ = {isa = PBXFileReference; lastKnownFileType = "wrapper.pb-project"; name = Common.xcodeproj; path = ../../Common/Common.xcodeproj; sourceTree = "<group>"; };
		4E12134A2788B8E4007591D1 /* Home.app */ = {isa = PBXFileReference; explicitFileType = wrapper.application; includeInIndex = 0; path = Home.app; sourceTree = BUILT_PRODUCTS_DIR; };
		4E12134D2788B8E4007591D1 /* HomeApp.swift */ = {isa = PBXFileReference; lastKnownFileType = sourcecode.swift; path = HomeApp.swift; sourceTree = "<group>"; };
		4E12134F2788B8E4007591D1 /* ContentView.swift */ = {isa = PBXFileReference; lastKnownFileType = sourcecode.swift; path = ContentView.swift; sourceTree = "<group>"; };
		4E1213512788B8E6007591D1 /* Assets.xcassets */ = {isa = PBXFileReference; lastKnownFileType = folder.assetcatalog; path = Assets.xcassets; sourceTree = "<group>"; };
		4E1213542788B8E6007591D1 /* Preview Assets.xcassets */ = {isa = PBXFileReference; lastKnownFileType = folder.assetcatalog; path = "Preview Assets.xcassets"; sourceTree = "<group>"; };
		4E12135A2788B8E6007591D1 /* HomeTests.xctest */ = {isa = PBXFileReference; explicitFileType = wrapper.cfbundle; includeInIndex = 0; path = HomeTests.xctest; sourceTree = BUILT_PRODUCTS_DIR; };
		4E12135E2788B8E6007591D1 /* HomeTests.swift */ = {isa = PBXFileReference; lastKnownFileType = sourcecode.swift; path = HomeTests.swift; sourceTree = "<group>"; };
		4E1213642788B8E6007591D1 /* HomeUITests.xctest */ = {isa = PBXFileReference; explicitFileType = wrapper.cfbundle; includeInIndex = 0; path = HomeUITests.xctest; sourceTree = BUILT_PRODUCTS_DIR; };
		4E1213682788B8E6007591D1 /* HomeUITests.swift */ = {isa = PBXFileReference; lastKnownFileType = sourcecode.swift; path = HomeUITests.swift; sourceTree = "<group>"; };
		4E12136A2788B8E6007591D1 /* HomeUITestsLaunchTests.swift */ = {isa = PBXFileReference; lastKnownFileType = sourcecode.swift; path = HomeUITestsLaunchTests.swift; sourceTree = "<group>"; };
		4E1213D72788C55E007591D1 /* HomeListRow.swift */ = {isa = PBXFileReference; lastKnownFileType = sourcecode.swift; path = HomeListRow.swift; sourceTree = "<group>"; };
		4E1213DA278913AE007591D1 /* HomeList.swift */ = {isa = PBXFileReference; lastKnownFileType = sourcecode.swift; path = HomeList.swift; sourceTree = "<group>"; };
/* End PBXFileReference section */

/* Begin PBXFrameworksBuildPhase section */
		4E1213472788B8E4007591D1 /* Frameworks */ = {
			isa = PBXFrameworksBuildPhase;
			buildActionMask = 2147483647;
			files = (
			);
			runOnlyForDeploymentPostprocessing = 0;
		};
		4E1213572788B8E6007591D1 /* Frameworks */ = {
			isa = PBXFrameworksBuildPhase;
			buildActionMask = 2147483647;
			files = (
			);
			runOnlyForDeploymentPostprocessing = 0;
		};
		4E1213612788B8E6007591D1 /* Frameworks */ = {
			isa = PBXFrameworksBuildPhase;
			buildActionMask = 2147483647;
			files = (
			);
			runOnlyForDeploymentPostprocessing = 0;
		};
/* End PBXFrameworksBuildPhase section */

/* Begin PBXGroup section */
		4E083DAD27899C25009E7C7F /* Dependencies */ = {
			isa = PBXGroup;
			children = (
				4E083DAE27899C44009E7C7F /* Common.xcodeproj */,
			);
			name = Dependencies;
			sourceTree = "<group>";
		};
		4E083DAF27899C44009E7C7F /* Products */ = {
			isa = PBXGroup;
			children = (
				4E083DB427899C44009E7C7F /* Common.framework */,
				4E083DB627899C44009E7C7F /* CommonTests.xctest */,
			);
			name = Products;
			sourceTree = "<group>";
		};
		4E1213412788B8E4007591D1 = {
			isa = PBXGroup;
			children = (
				4E12134C2788B8E4007591D1 /* Home */,
				4E12135D2788B8E6007591D1 /* HomeTests */,
				4E1213672788B8E6007591D1 /* HomeUITests */,
				4E083DAD27899C25009E7C7F /* Dependencies */,
				4E12134B2788B8E4007591D1 /* Products */,
			);
			sourceTree = "<group>";
		};
		4E12134B2788B8E4007591D1 /* Products */ = {
			isa = PBXGroup;
			children = (
				4E12134A2788B8E4007591D1 /* Home.app */,
				4E12135A2788B8E6007591D1 /* HomeTests.xctest */,
				4E1213642788B8E6007591D1 /* HomeUITests.xctest */,
			);
			name = Products;
			sourceTree = "<group>";
		};
		4E12134C2788B8E4007591D1 /* Home */ = {
			isa = PBXGroup;
			children = (
				4E12134D2788B8E4007591D1 /* HomeApp.swift */,
				4EE063C227898F8100D2E0F8 /* View */,
				4E1213512788B8E6007591D1 /* Assets.xcassets */,
				4E1213532788B8E6007591D1 /* Preview Content */,
			);
			path = Home;
			sourceTree = "<group>";
		};
		4E1213532788B8E6007591D1 /* Preview Content */ = {
			isa = PBXGroup;
			children = (
				4E1213542788B8E6007591D1 /* Preview Assets.xcassets */,
			);
			path = "Preview Content";
			sourceTree = "<group>";
		};
		4E12135D2788B8E6007591D1 /* HomeTests */ = {
			isa = PBXGroup;
			children = (
				4E12135E2788B8E6007591D1 /* HomeTests.swift */,
			);
			path = HomeTests;
			sourceTree = "<group>";
		};
		4E1213672788B8E6007591D1 /* HomeUITests */ = {
			isa = PBXGroup;
			children = (
				4E1213682788B8E6007591D1 /* HomeUITests.swift */,
				4E12136A2788B8E6007591D1 /* HomeUITestsLaunchTests.swift */,
			);
			path = HomeUITests;
			sourceTree = "<group>";
		};
		4E1213D92788C569007591D1 /* HomeList */ = {
			isa = PBXGroup;
			children = (
				4E1213D72788C55E007591D1 /* HomeListRow.swift */,
				4E1213DA278913AE007591D1 /* HomeList.swift */,
			);
			path = HomeList;
			sourceTree = "<group>";
		};
		4EE063C227898F8100D2E0F8 /* View */ = {
			isa = PBXGroup;
			children = (
				4E12134F2788B8E4007591D1 /* ContentView.swift */,
				4E1213D92788C569007591D1 /* HomeList */,
			);
			path = View;
			sourceTree = "<group>";
		};
/* End PBXGroup section */

/* Begin PBXNativeTarget section */
		4E1213492788B8E4007591D1 /* Home */ = {
			isa = PBXNativeTarget;
			buildConfigurationList = 4E12136E2788B8E6007591D1 /* Build configuration list for PBXNativeTarget "Home" */;
			buildPhases = (
				4E1213462788B8E4007591D1 /* Sources */,
				4E1213472788B8E4007591D1 /* Frameworks */,
				4E1213482788B8E4007591D1 /* Resources */,
				4E083DB727899C5D009E7C7F /* Copy FrameWorks */,
			);
			buildRules = (
			);
			dependencies = (
			);
			name = Home;
			productName = Home;
			productReference = 4E12134A2788B8E4007591D1 /* Home.app */;
			productType = "com.apple.product-type.application";
		};
		4E1213592788B8E6007591D1 /* HomeTests */ = {
			isa = PBXNativeTarget;
			buildConfigurationList = 4E1213712788B8E6007591D1 /* Build configuration list for PBXNativeTarget "HomeTests" */;
			buildPhases = (
				4E1213562788B8E6007591D1 /* Sources */,
				4E1213572788B8E6007591D1 /* Frameworks */,
				4E1213582788B8E6007591D1 /* Resources */,
			);
			buildRules = (
			);
			dependencies = (
				4E12135C2788B8E6007591D1 /* PBXTargetDependency */,
			);
			name = HomeTests;
			productName = HomeTests;
			productReference = 4E12135A2788B8E6007591D1 /* HomeTests.xctest */;
			productType = "com.apple.product-type.bundle.unit-test";
		};
		4E1213632788B8E6007591D1 /* HomeUITests */ = {
			isa = PBXNativeTarget;
			buildConfigurationList = 4E1213742788B8E6007591D1 /* Build configuration list for PBXNativeTarget "HomeUITests" */;
			buildPhases = (
				4E1213602788B8E6007591D1 /* Sources */,
				4E1213612788B8E6007591D1 /* Frameworks */,
				4E1213622788B8E6007591D1 /* Resources */,
			);
			buildRules = (
			);
			dependencies = (
				4E1213662788B8E6007591D1 /* PBXTargetDependency */,
			);
			name = HomeUITests;
			productName = HomeUITests;
			productReference = 4E1213642788B8E6007591D1 /* HomeUITests.xctest */;
			productType = "com.apple.product-type.bundle.ui-testing";
		};
/* End PBXNativeTarget section */

/* Begin PBXProject section */
		4E1213422788B8E4007591D1 /* Project object */ = {
			isa = PBXProject;
			attributes = {
				BuildIndependentTargetsInParallel = 1;
				LastSwiftUpdateCheck = 1310;
				LastUpgradeCheck = 1310;
				TargetAttributes = {
					4E1213492788B8E4007591D1 = {
						CreatedOnToolsVersion = 13.1;
					};
					4E1213592788B8E6007591D1 = {
						CreatedOnToolsVersion = 13.1;
						TestTargetID = 4E1213492788B8E4007591D1;
					};
					4E1213632788B8E6007591D1 = {
						CreatedOnToolsVersion = 13.1;
						TestTargetID = 4E1213492788B8E4007591D1;
					};
				};
			};
			buildConfigurationList = 4E1213452788B8E4007591D1 /* Build configuration list for PBXProject "Home" */;
			compatibilityVersion = "Xcode 13.0";
			developmentRegion = en;
			hasScannedForEncodings = 0;
			knownRegions = (
				en,
				Base,
			);
			mainGroup = 4E1213412788B8E4007591D1;
			productRefGroup = 4E12134B2788B8E4007591D1 /* Products */;
			projectDirPath = "";
			projectReferences = (
				{
					ProductGroup = 4E083DAF27899C44009E7C7F /* Products */;
					ProjectRef = 4E083DAE27899C44009E7C7F /* Common.xcodeproj */;
				},
			);
			projectRoot = "";
			targets = (
				4E1213492788B8E4007591D1 /* Home */,
				4E1213592788B8E6007591D1 /* HomeTests */,
				4E1213632788B8E6007591D1 /* HomeUITests */,
			);
		};
/* End PBXProject section */

/* Begin PBXReferenceProxy section */
		4E083DB427899C44009E7C7F /* Common.framework */ = {
			isa = PBXReferenceProxy;
			fileType = wrapper.framework;
			path = Common.framework;
			remoteRef = 4E083DB327899C44009E7C7F /* PBXContainerItemProxy */;
			sourceTree = BUILT_PRODUCTS_DIR;
		};
		4E083DB627899C44009E7C7F /* CommonTests.xctest */ = {
			isa = PBXReferenceProxy;
			fileType = wrapper.cfbundle;
			path = CommonTests.xctest;
			remoteRef = 4E083DB527899C44009E7C7F /* PBXContainerItemProxy */;
			sourceTree = BUILT_PRODUCTS_DIR;
		};
/* End PBXReferenceProxy section */

/* Begin PBXResourcesBuildPhase section */
		4E1213482788B8E4007591D1 /* Resources */ = {
			isa = PBXResourcesBuildPhase;
			buildActionMask = 2147483647;
			files = (
				4E1213552788B8E6007591D1 /* Preview Assets.xcassets in Resources */,
				4E1213522788B8E6007591D1 /* Assets.xcassets in Resources */,
			);
			runOnlyForDeploymentPostprocessing = 0;
		};
		4E1213582788B8E6007591D1 /* Resources */ = {
			isa = PBXResourcesBuildPhase;
			buildActionMask = 2147483647;
			files = (
			);
			runOnlyForDeploymentPostprocessing = 0;
		};
		4E1213622788B8E6007591D1 /* Resources */ = {
			isa = PBXResourcesBuildPhase;
			buildActionMask = 2147483647;
			files = (
			);
			runOnlyForDeploymentPostprocessing = 0;
		};
/* End PBXResourcesBuildPhase section */

/* Begin PBXSourcesBuildPhase section */
		4E1213462788B8E4007591D1 /* Sources */ = {
			isa = PBXSourcesBuildPhase;
			buildActionMask = 2147483647;
			files = (
				4E1213502788B8E4007591D1 /* ContentView.swift in Sources */,
				4E1213D82788C55E007591D1 /* HomeListRow.swift in Sources */,
				4E1213DB278913AE007591D1 /* HomeList.swift in Sources */,
				4E12134E2788B8E4007591D1 /* HomeApp.swift in Sources */,
			);
			runOnlyForDeploymentPostprocessing = 0;
		};
		4E1213562788B8E6007591D1 /* Sources */ = {
			isa = PBXSourcesBuildPhase;
			buildActionMask = 2147483647;
			files = (
				4E12135F2788B8E6007591D1 /* HomeTests.swift in Sources */,
			);
			runOnlyForDeploymentPostprocessing = 0;
		};
		4E1213602788B8E6007591D1 /* Sources */ = {
			isa = PBXSourcesBuildPhase;
			buildActionMask = 2147483647;
			files = (
				4E1213692788B8E6007591D1 /* HomeUITests.swift in Sources */,
				4E12136B2788B8E6007591D1 /* HomeUITestsLaunchTests.swift in Sources */,
			);
			runOnlyForDeploymentPostprocessing = 0;
		};
/* End PBXSourcesBuildPhase section */

/* Begin PBXTargetDependency section */
		4E12135C2788B8E6007591D1 /* PBXTargetDependency */ = {
			isa = PBXTargetDependency;
			target = 4E1213492788B8E4007591D1 /* Home */;
			targetProxy = 4E12135B2788B8E6007591D1 /* PBXContainerItemProxy */;
		};
		4E1213662788B8E6007591D1 /* PBXTargetDependency */ = {
			isa = PBXTargetDependency;
			target = 4E1213492788B8E4007591D1 /* Home */;
			targetProxy = 4E1213652788B8E6007591D1 /* PBXContainerItemProxy */;
		};
/* End PBXTargetDependency section */

/* Begin XCBuildConfiguration section */
		4E12136C2788B8E6007591D1 /* Debug */ = {
			isa = XCBuildConfiguration;
			buildSettings = {
				ALWAYS_SEARCH_USER_PATHS = NO;
				CLANG_ANALYZER_NONNULL = YES;
				CLANG_ANALYZER_NUMBER_OBJECT_CONVERSION = YES_AGGRESSIVE;
				CLANG_CXX_LANGUAGE_STANDARD = "gnu++17";
				CLANG_CXX_LIBRARY = "libc++";
				CLANG_ENABLE_MODULES = YES;
				CLANG_ENABLE_OBJC_ARC = YES;
				CLANG_ENABLE_OBJC_WEAK = YES;
				CLANG_WARN_BLOCK_CAPTURE_AUTORELEASING = YES;
				CLANG_WARN_BOOL_CONVERSION = YES;
				CLANG_WARN_COMMA = YES;
				CLANG_WARN_CONSTANT_CONVERSION = YES;
				CLANG_WARN_DEPRECATED_OBJC_IMPLEMENTATIONS = YES;
				CLANG_WARN_DIRECT_OBJC_ISA_USAGE = YES_ERROR;
				CLANG_WARN_DOCUMENTATION_COMMENTS = YES;
				CLANG_WARN_EMPTY_BODY = YES;
				CLANG_WARN_ENUM_CONVERSION = YES;
				CLANG_WARN_INFINITE_RECURSION = YES;
				CLANG_WARN_INT_CONVERSION = YES;
				CLANG_WARN_NON_LITERAL_NULL_CONVERSION = YES;
				CLANG_WARN_OBJC_IMPLICIT_RETAIN_SELF = YES;
				CLANG_WARN_OBJC_LITERAL_CONVERSION = YES;
				CLANG_WARN_OBJC_ROOT_CLASS = YES_ERROR;
				CLANG_WARN_QUOTED_INCLUDE_IN_FRAMEWORK_HEADER = YES;
				CLANG_WARN_RANGE_LOOP_ANALYSIS = YES;
				CLANG_WARN_STRICT_PROTOTYPES = YES;
				CLANG_WARN_SUSPICIOUS_MOVE = YES;
				CLANG_WARN_UNGUARDED_AVAILABILITY = YES_AGGRESSIVE;
				CLANG_WARN_UNREACHABLE_CODE = YES;
				CLANG_WARN__DUPLICATE_METHOD_MATCH = YES;
				COPY_PHASE_STRIP = NO;
				DEBUG_INFORMATION_FORMAT = dwarf;
				ENABLE_STRICT_OBJC_MSGSEND = YES;
				ENABLE_TESTABILITY = YES;
				GCC_C_LANGUAGE_STANDARD = gnu11;
				GCC_DYNAMIC_NO_PIC = NO;
				GCC_NO_COMMON_BLOCKS = YES;
				GCC_OPTIMIZATION_LEVEL = 0;
				GCC_PREPROCESSOR_DEFINITIONS = (
					"DEBUG=1",
					"$(inherited)",
				);
				GCC_WARN_64_TO_32_BIT_CONVERSION = YES;
				GCC_WARN_ABOUT_RETURN_TYPE = YES_ERROR;
				GCC_WARN_UNDECLARED_SELECTOR = YES;
				GCC_WARN_UNINITIALIZED_AUTOS = YES_AGGRESSIVE;
				GCC_WARN_UNUSED_FUNCTION = YES;
				GCC_WARN_UNUSED_VARIABLE = YES;
				IPHONEOS_DEPLOYMENT_TARGET = 15.0;
				MTL_ENABLE_DEBUG_INFO = INCLUDE_SOURCE;
				MTL_FAST_MATH = YES;
				ONLY_ACTIVE_ARCH = YES;
				SDKROOT = iphoneos;
				SWIFT_ACTIVE_COMPILATION_CONDITIONS = DEBUG;
				SWIFT_OPTIMIZATION_LEVEL = "-Onone";
			};
			name = Debug;
		};
		4E12136D2788B8E6007591D1 /* Release */ = {
			isa = XCBuildConfiguration;
			buildSettings = {
				ALWAYS_SEARCH_USER_PATHS = NO;
				CLANG_ANALYZER_NONNULL = YES;
				CLANG_ANALYZER_NUMBER_OBJECT_CONVERSION = YES_AGGRESSIVE;
				CLANG_CXX_LANGUAGE_STANDARD = "gnu++17";
				CLANG_CXX_LIBRARY = "libc++";
				CLANG_ENABLE_MODULES = YES;
				CLANG_ENABLE_OBJC_ARC = YES;
				CLANG_ENABLE_OBJC_WEAK = YES;
				CLANG_WARN_BLOCK_CAPTURE_AUTORELEASING = YES;
				CLANG_WARN_BOOL_CONVERSION = YES;
				CLANG_WARN_COMMA = YES;
				CLANG_WARN_CONSTANT_CONVERSION = YES;
				CLANG_WARN_DEPRECATED_OBJC_IMPLEMENTATIONS = YES;
				CLANG_WARN_DIRECT_OBJC_ISA_USAGE = YES_ERROR;
				CLANG_WARN_DOCUMENTATION_COMMENTS = YES;
				CLANG_WARN_EMPTY_BODY = YES;
				CLANG_WARN_ENUM_CONVERSION = YES;
				CLANG_WARN_INFINITE_RECURSION = YES;
				CLANG_WARN_INT_CONVERSION = YES;
				CLANG_WARN_NON_LITERAL_NULL_CONVERSION = YES;
				CLANG_WARN_OBJC_IMPLICIT_RETAIN_SELF = YES;
				CLANG_WARN_OBJC_LITERAL_CONVERSION = YES;
				CLANG_WARN_OBJC_ROOT_CLASS = YES_ERROR;
				CLANG_WARN_QUOTED_INCLUDE_IN_FRAMEWORK_HEADER = YES;
				CLANG_WARN_RANGE_LOOP_ANALYSIS = YES;
				CLANG_WARN_STRICT_PROTOTYPES = YES;
				CLANG_WARN_SUSPICIOUS_MOVE = YES;
				CLANG_WARN_UNGUARDED_AVAILABILITY = YES_AGGRESSIVE;
				CLANG_WARN_UNREACHABLE_CODE = YES;
				CLANG_WARN__DUPLICATE_METHOD_MATCH = YES;
				COPY_PHASE_STRIP = NO;
				DEBUG_INFORMATION_FORMAT = "dwarf-with-dsym";
				ENABLE_NS_ASSERTIONS = NO;
				ENABLE_STRICT_OBJC_MSGSEND = YES;
				GCC_C_LANGUAGE_STANDARD = gnu11;
				GCC_NO_COMMON_BLOCKS = YES;
				GCC_WARN_64_TO_32_BIT_CONVERSION = YES;
				GCC_WARN_ABOUT_RETURN_TYPE = YES_ERROR;
				GCC_WARN_UNDECLARED_SELECTOR = YES;
				GCC_WARN_UNINITIALIZED_AUTOS = YES_AGGRESSIVE;
				GCC_WARN_UNUSED_FUNCTION = YES;
				GCC_WARN_UNUSED_VARIABLE = YES;
				IPHONEOS_DEPLOYMENT_TARGET = 15.0;
				MTL_ENABLE_DEBUG_INFO = NO;
				MTL_FAST_MATH = YES;
				SDKROOT = iphoneos;
				SWIFT_COMPILATION_MODE = wholemodule;
				SWIFT_OPTIMIZATION_LEVEL = "-O";
				VALIDATE_PRODUCT = YES;
			};
			name = Release;
		};
		4E12136F2788B8E6007591D1 /* Debug */ = {
			isa = XCBuildConfiguration;
			buildSettings = {
				ASSETCATALOG_COMPILER_APPICON_NAME = AppIcon;
				ASSETCATALOG_COMPILER_GLOBAL_ACCENT_COLOR_NAME = AccentColor;
				CODE_SIGN_STYLE = Automatic;
				CURRENT_PROJECT_VERSION = 1;
				DEVELOPMENT_ASSET_PATHS = "\"Home/Preview Content\"";
				DEVELOPMENT_TEAM = 64J85CZRGD;
				ENABLE_PREVIEWS = YES;
				GENERATE_INFOPLIST_FILE = YES;
				INFOPLIST_KEY_UIApplicationSceneManifest_Generation = YES;
				INFOPLIST_KEY_UIApplicationSupportsIndirectInputEvents = YES;
				INFOPLIST_KEY_UILaunchScreen_Generation = YES;
				INFOPLIST_KEY_UISupportedInterfaceOrientations_iPad = "UIInterfaceOrientationPortrait UIInterfaceOrientationPortraitUpsideDown UIInterfaceOrientationLandscapeLeft UIInterfaceOrientationLandscapeRight";
				INFOPLIST_KEY_UISupportedInterfaceOrientations_iPhone = "UIInterfaceOrientationPortrait UIInterfaceOrientationLandscapeLeft UIInterfaceOrientationLandscapeRight";
				LD_RUNPATH_SEARCH_PATHS = (
					"$(inherited)",
					"@executable_path/Frameworks",
				);
				MARKETING_VERSION = 1.0;
				PRODUCT_BUNDLE_IDENTIFIER = com.marvel.heros.www.Home;
				PRODUCT_NAME = "$(TARGET_NAME)";
				SWIFT_EMIT_LOC_STRINGS = YES;
				SWIFT_VERSION = 5.0;
				TARGETED_DEVICE_FAMILY = "1,2";
			};
			name = Debug;
		};
		4E1213702788B8E6007591D1 /* Release */ = {
			isa = XCBuildConfiguration;
			buildSettings = {
				ASSETCATALOG_COMPILER_APPICON_NAME = AppIcon;
				ASSETCATALOG_COMPILER_GLOBAL_ACCENT_COLOR_NAME = AccentColor;
				CODE_SIGN_STYLE = Automatic;
				CURRENT_PROJECT_VERSION = 1;
				DEVELOPMENT_ASSET_PATHS = "\"Home/Preview Content\"";
				DEVELOPMENT_TEAM = 64J85CZRGD;
				ENABLE_PREVIEWS = YES;
				GENERATE_INFOPLIST_FILE = YES;
				INFOPLIST_KEY_UIApplicationSceneManifest_Generation = YES;
				INFOPLIST_KEY_UIApplicationSupportsIndirectInputEvents = YES;
				INFOPLIST_KEY_UILaunchScreen_Generation = YES;
				INFOPLIST_KEY_UISupportedInterfaceOrientations_iPad = "UIInterfaceOrientationPortrait UIInterfaceOrientationPortraitUpsideDown UIInterfaceOrientationLandscapeLeft UIInterfaceOrientationLandscapeRight";
				INFOPLIST_KEY_UISupportedInterfaceOrientations_iPhone = "UIInterfaceOrientationPortrait UIInterfaceOrientationLandscapeLeft UIInterfaceOrientationLandscapeRight";
				LD_RUNPATH_SEARCH_PATHS = (
					"$(inherited)",
					"@executable_path/Frameworks",
				);
				MARKETING_VERSION = 1.0;
				PRODUCT_BUNDLE_IDENTIFIER = com.marvel.heros.www.Home;
				PRODUCT_NAME = "$(TARGET_NAME)";
				SWIFT_EMIT_LOC_STRINGS = YES;
				SWIFT_VERSION = 5.0;
				TARGETED_DEVICE_FAMILY = "1,2";
			};
			name = Release;
		};
		4E1213722788B8E6007591D1 /* Debug */ = {
			isa = XCBuildConfiguration;
			buildSettings = {
				ALWAYS_EMBED_SWIFT_STANDARD_LIBRARIES = YES;
				BUNDLE_LOADER = "$(TEST_HOST)";
				CODE_SIGN_STYLE = Automatic;
				CURRENT_PROJECT_VERSION = 1;
				DEVELOPMENT_TEAM = 64J85CZRGD;
				GENERATE_INFOPLIST_FILE = YES;
				IPHONEOS_DEPLOYMENT_TARGET = 15.0;
				LD_RUNPATH_SEARCH_PATHS = (
					"$(inherited)",
					"@executable_path/Frameworks",
					"@loader_path/Frameworks",
				);
				MARKETING_VERSION = 1.0;
				PRODUCT_BUNDLE_IDENTIFIER = com.marvel.heros.www.HomeTests;
				PRODUCT_NAME = "$(TARGET_NAME)";
				SWIFT_EMIT_LOC_STRINGS = NO;
				SWIFT_VERSION = 5.0;
				TARGETED_DEVICE_FAMILY = "1,2";
				TEST_HOST = "$(BUILT_PRODUCTS_DIR)/Home.app/Home";
			};
			name = Debug;
		};
		4E1213732788B8E6007591D1 /* Release */ = {
			isa = XCBuildConfiguration;
			buildSettings = {
				ALWAYS_EMBED_SWIFT_STANDARD_LIBRARIES = YES;
				BUNDLE_LOADER = "$(TEST_HOST)";
				CODE_SIGN_STYLE = Automatic;
				CURRENT_PROJECT_VERSION = 1;
				DEVELOPMENT_TEAM = 64J85CZRGD;
				GENERATE_INFOPLIST_FILE = YES;
				IPHONEOS_DEPLOYMENT_TARGET = 15.0;
				LD_RUNPATH_SEARCH_PATHS = (
					"$(inherited)",
					"@executable_path/Frameworks",
					"@loader_path/Frameworks",
				);
				MARKETING_VERSION = 1.0;
				PRODUCT_BUNDLE_IDENTIFIER = com.marvel.heros.www.HomeTests;
				PRODUCT_NAME = "$(TARGET_NAME)";
				SWIFT_EMIT_LOC_STRINGS = NO;
				SWIFT_VERSION = 5.0;
				TARGETED_DEVICE_FAMILY = "1,2";
				TEST_HOST = "$(BUILT_PRODUCTS_DIR)/Home.app/Home";
			};
			name = Release;
		};
		4E1213752788B8E6007591D1 /* Debug */ = {
			isa = XCBuildConfiguration;
			buildSettings = {
				ALWAYS_EMBED_SWIFT_STANDARD_LIBRARIES = YES;
				CODE_SIGN_STYLE = Automatic;
				CURRENT_PROJECT_VERSION = 1;
				DEVELOPMENT_TEAM = 64J85CZRGD;
				GENERATE_INFOPLIST_FILE = YES;
				LD_RUNPATH_SEARCH_PATHS = (
					"$(inherited)",
					"@executable_path/Frameworks",
					"@loader_path/Frameworks",
				);
				MARKETING_VERSION = 1.0;
				PRODUCT_BUNDLE_IDENTIFIER = com.marvel.heros.www.HomeUITests;
				PRODUCT_NAME = "$(TARGET_NAME)";
				SWIFT_EMIT_LOC_STRINGS = NO;
				SWIFT_VERSION = 5.0;
				TARGETED_DEVICE_FAMILY = "1,2";
				TEST_TARGET_NAME = Home;
			};
			name = Debug;
		};
		4E1213762788B8E6007591D1 /* Release */ = {
			isa = XCBuildConfiguration;
			buildSettings = {
				ALWAYS_EMBED_SWIFT_STANDARD_LIBRARIES = YES;
				CODE_SIGN_STYLE = Automatic;
				CURRENT_PROJECT_VERSION = 1;
				DEVELOPMENT_TEAM = 64J85CZRGD;
				GENERATE_INFOPLIST_FILE = YES;
				LD_RUNPATH_SEARCH_PATHS = (
					"$(inherited)",
					"@executable_path/Frameworks",
					"@loader_path/Frameworks",
				);
				MARKETING_VERSION = 1.0;
				PRODUCT_BUNDLE_IDENTIFIER = com.marvel.heros.www.HomeUITests;
				PRODUCT_NAME = "$(TARGET_NAME)";
				SWIFT_EMIT_LOC_STRINGS = NO;
				SWIFT_VERSION = 5.0;
				TARGETED_DEVICE_FAMILY = "1,2";
				TEST_TARGET_NAME = Home;
			};
			name = Release;
		};
/* End XCBuildConfiguration section */

/* Begin XCConfigurationList section */
		4E1213452788B8E4007591D1 /* Build configuration list for PBXProject "Home" */ = {
			isa = XCConfigurationList;
			buildConfigurations = (
				4E12136C2788B8E6007591D1 /* Debug */,
				4E12136D2788B8E6007591D1 /* Release */,
			);
			defaultConfigurationIsVisible = 0;
			defaultConfigurationName = Release;
		};
		4E12136E2788B8E6007591D1 /* Build configuration list for PBXNativeTarget "Home" */ = {
			isa = XCConfigurationList;
			buildConfigurations = (
				4E12136F2788B8E6007591D1 /* Debug */,
				4E1213702788B8E6007591D1 /* Release */,
			);
			defaultConfigurationIsVisible = 0;
			defaultConfigurationName = Release;
		};
		4E1213712788B8E6007591D1 /* Build configuration list for PBXNativeTarget "HomeTests" */ = {
			isa = XCConfigurationList;
			buildConfigurations = (
				4E1213722788B8E6007591D1 /* Debug */,
				4E1213732788B8E6007591D1 /* Release */,
			);
			defaultConfigurationIsVisible = 0;
			defaultConfigurationName = Release;
		};
		4E1213742788B8E6007591D1 /* Build configuration list for PBXNativeTarget "HomeUITests" */ = {
			isa = XCConfigurationList;
			buildConfigurations = (
				4E1213752788B8E6007591D1 /* Debug */,
				4E1213762788B8E6007591D1 /* Release */,
			);
			defaultConfigurationIsVisible = 0;
			defaultConfigurationName = Release;
		};
/* End XCConfigurationList section */
	};
	rootObject = 4E1213422788B8E4007591D1 /* Project object */;
}
