// !$*UTF8*$!
{
	archiveVersion = 1;
	classes = {
	};
	objectVersion = 55;
	objects = {

/* Begin PBXBuildFile section */
		4E083DEA2789A19B009E7C7F /* Home.docc in Sources */ = {isa = PBXBuildFile; fileRef = 4E083DE92789A19B009E7C7F /* Home.docc */; };
		4E083DF02789A19B009E7C7F /* Home.framework in Frameworks */ = {isa = PBXBuildFile; fileRef = 4E083DE52789A19B009E7C7F /* Home.framework */; };
		4E083DF52789A19B009E7C7F /* HomeTests.swift in Sources */ = {isa = PBXBuildFile; fileRef = 4E083DF42789A19B009E7C7F /* HomeTests.swift */; };
		4E083DF62789A19B009E7C7F /* Home.h in Headers */ = {isa = PBXBuildFile; fileRef = 4E083DE82789A19B009E7C7F /* Home.h */; settings = {ATTRIBUTES = (Public, ); }; };
		4E083E102789A1EB009E7C7F /* HomeListRow.swift in Sources */ = {isa = PBXBuildFile; fileRef = 4E083E0C2789A1EB009E7C7F /* HomeListRow.swift */; };
		4E083E112789A1EB009E7C7F /* HomeList.swift in Sources */ = {isa = PBXBuildFile; fileRef = 4E083E0D2789A1EB009E7C7F /* HomeList.swift */; };
		4E083E122789A1EB009E7C7F /* Assets.xcassets in Resources */ = {isa = PBXBuildFile; fileRef = 4E083E0E2789A1EB009E7C7F /* Assets.xcassets */; };
		4E083E1E2789A218009E7C7F /* Common.framework in Copy Frameworks */ = {isa = PBXBuildFile; fileRef = 4E083E1A2789A204009E7C7F /* Common.framework */; settings = {ATTRIBUTES = (CodeSignOnCopy, RemoveHeadersOnCopy, ); }; };
		4E083E2A2789A2C7009E7C7F /* HomeGridView.swift in Sources */ = {isa = PBXBuildFile; fileRef = 4E083E292789A2C7009E7C7F /* HomeGridView.swift */; };
/* End PBXBuildFile section */

/* Begin PBXContainerItemProxy section */
		4E083DF12789A19B009E7C7F /* PBXContainerItemProxy */ = {
			isa = PBXContainerItemProxy;
			containerPortal = 4E083DDC2789A19B009E7C7F /* Project object */;
			proxyType = 1;
			remoteGlobalIDString = 4E083DE42789A19B009E7C7F;
			remoteInfo = Home;
		};
		4E083E192789A204009E7C7F /* PBXContainerItemProxy */ = {
			isa = PBXContainerItemProxy;
			containerPortal = 4E083E142789A204009E7C7F /* Common.xcodeproj */;
			proxyType = 2;
			remoteGlobalIDString = 4E083D8A27899B46009E7C7F;
			remoteInfo = Common;
		};
		4E083E1B2789A204009E7C7F /* PBXContainerItemProxy */ = {
			isa = PBXContainerItemProxy;
			containerPortal = 4E083E142789A204009E7C7F /* Common.xcodeproj */;
			proxyType = 2;
			remoteGlobalIDString = 4E083D9427899B46009E7C7F;
			remoteInfo = CommonTests;
		};
/* End PBXContainerItemProxy section */

/* Begin PBXCopyFilesBuildPhase section */
		4E083E1D2789A20B009E7C7F /* Copy Frameworks */ = {
			isa = PBXCopyFilesBuildPhase;
			buildActionMask = 2147483647;
			dstPath = "";
			dstSubfolderSpec = 10;
			files = (
				4E083E1E2789A218009E7C7F /* Common.framework in Copy Frameworks */,
			);
			name = "Copy Frameworks";
			runOnlyForDeploymentPostprocessing = 0;
		};
/* End PBXCopyFilesBuildPhase section */

/* Begin PBXFileReference section */
		4E083DE52789A19B009E7C7F /* Home.framework */ = {isa = PBXFileReference; explicitFileType = wrapper.framework; includeInIndex = 0; path = Home.framework; sourceTree = BUILT_PRODUCTS_DIR; };
		4E083DE82789A19B009E7C7F /* Home.h */ = {isa = PBXFileReference; lastKnownFileType = sourcecode.c.h; path = Home.h; sourceTree = "<group>"; };
		4E083DE92789A19B009E7C7F /* Home.docc */ = {isa = PBXFileReference; lastKnownFileType = folder.documentationcatalog; path = Home.docc; sourceTree = "<group>"; };
		4E083DEF2789A19B009E7C7F /* HomeTests.xctest */ = {isa = PBXFileReference; explicitFileType = wrapper.cfbundle; includeInIndex = 0; path = HomeTests.xctest; sourceTree = BUILT_PRODUCTS_DIR; };
		4E083DF42789A19B009E7C7F /* HomeTests.swift */ = {isa = PBXFileReference; lastKnownFileType = sourcecode.swift; path = HomeTests.swift; sourceTree = "<group>"; };
		4E083E0C2789A1EB009E7C7F /* HomeListRow.swift */ = {isa = PBXFileReference; fileEncoding = 4; lastKnownFileType = sourcecode.swift; path = HomeListRow.swift; sourceTree = "<group>"; };
		4E083E0D2789A1EB009E7C7F /* HomeList.swift */ = {isa = PBXFileReference; fileEncoding = 4; lastKnownFileType = sourcecode.swift; path = HomeList.swift; sourceTree = "<group>"; };
		4E083E0E2789A1EB009E7C7F /* Assets.xcassets */ = {isa = PBXFileReference; lastKnownFileType = folder.assetcatalog; path = Assets.xcassets; sourceTree = "<group>"; };
		4E083E142789A204009E7C7F /* Common.xcodeproj */ = {isa = PBXFileReference; lastKnownFileType = "wrapper.pb-project"; name = Common.xcodeproj; path = ../Common/Common.xcodeproj; sourceTree = "<group>"; };
		4E083E292789A2C7009E7C7F /* HomeGridView.swift */ = {isa = PBXFileReference; lastKnownFileType = sourcecode.swift; path = HomeGridView.swift; sourceTree = "<group>"; };
/* End PBXFileReference section */

/* Begin PBXFrameworksBuildPhase section */
		4E083DE22789A19B009E7C7F /* Frameworks */ = {
			isa = PBXFrameworksBuildPhase;
			buildActionMask = 2147483647;
			files = (
			);
			runOnlyForDeploymentPostprocessing = 0;
		};
		4E083DEC2789A19B009E7C7F /* Frameworks */ = {
			isa = PBXFrameworksBuildPhase;
			buildActionMask = 2147483647;
			files = (
				4E083DF02789A19B009E7C7F /* Home.framework in Frameworks */,
			);
			runOnlyForDeploymentPostprocessing = 0;
		};
/* End PBXFrameworksBuildPhase section */

/* Begin PBXGroup section */
		4E083DDB2789A19B009E7C7F = {
			isa = PBXGroup;
			children = (
				4E083E132789A1F9009E7C7F /* Dependencies */,
				4E083E0E2789A1EB009E7C7F /* Assets.xcassets */,
				4E083E092789A1EB009E7C7F /* View */,
				4E083DE72789A19B009E7C7F /* Home */,
				4E083DF32789A19B009E7C7F /* HomeTests */,
				4E083DE62789A19B009E7C7F /* Products */,
			);
			sourceTree = "<group>";
		};
		4E083DE62789A19B009E7C7F /* Products */ = {
			isa = PBXGroup;
			children = (
				4E083DE52789A19B009E7C7F /* Home.framework */,
				4E083DEF2789A19B009E7C7F /* HomeTests.xctest */,
			);
			name = Products;
			sourceTree = "<group>";
		};
		4E083DE72789A19B009E7C7F /* Home */ = {
			isa = PBXGroup;
			children = (
				4E083DE82789A19B009E7C7F /* Home.h */,
				4E083DE92789A19B009E7C7F /* Home.docc */,
			);
			path = Home;
			sourceTree = "<group>";
		};
		4E083DF32789A19B009E7C7F /* HomeTests */ = {
			isa = PBXGroup;
			children = (
				4E083DF42789A19B009E7C7F /* HomeTests.swift */,
			);
			path = HomeTests;
			sourceTree = "<group>";
		};
		4E083E092789A1EB009E7C7F /* View */ = {
			isa = PBXGroup;
			children = (
				4E083E0B2789A1EB009E7C7F /* HomeList */,
				4E083E292789A2C7009E7C7F /* HomeGridView.swift */,
			);
			path = View;
			sourceTree = "<group>";
		};
		4E083E0B2789A1EB009E7C7F /* HomeList */ = {
			isa = PBXGroup;
			children = (
				4E083E0C2789A1EB009E7C7F /* HomeListRow.swift */,
				4E083E0D2789A1EB009E7C7F /* HomeList.swift */,
			);
			path = HomeList;
			sourceTree = "<group>";
		};
		4E083E132789A1F9009E7C7F /* Dependencies */ = {
			isa = PBXGroup;
			children = (
				4E083E142789A204009E7C7F /* Common.xcodeproj */,
			);
			name = Dependencies;
			sourceTree = "<group>";
		};
		4E083E152789A204009E7C7F /* Products */ = {
			isa = PBXGroup;
			children = (
				4E083E1A2789A204009E7C7F /* Common.framework */,
				4E083E1C2789A204009E7C7F /* CommonTests.xctest */,
			);
			name = Products;
			sourceTree = "<group>";
		};
/* End PBXGroup section */

/* Begin PBXHeadersBuildPhase section */
		4E083DE02789A19B009E7C7F /* Headers */ = {
			isa = PBXHeadersBuildPhase;
			buildActionMask = 2147483647;
			files = (
				4E083DF62789A19B009E7C7F /* Home.h in Headers */,
			);
			runOnlyForDeploymentPostprocessing = 0;
		};
/* End PBXHeadersBuildPhase section */

/* Begin PBXNativeTarget section */
		4E083DE42789A19B009E7C7F /* Home */ = {
			isa = PBXNativeTarget;
			buildConfigurationList = 4E083DF92789A19B009E7C7F /* Build configuration list for PBXNativeTarget "Home" */;
			buildPhases = (
				4E083DE02789A19B009E7C7F /* Headers */,
				4E083DE12789A19B009E7C7F /* Sources */,
				4E083DE22789A19B009E7C7F /* Frameworks */,
				4E083DE32789A19B009E7C7F /* Resources */,
				4E083E1D2789A20B009E7C7F /* Copy Frameworks */,
			);
			buildRules = (
			);
			dependencies = (
			);
			name = Home;
			productName = Home;
			productReference = 4E083DE52789A19B009E7C7F /* Home.framework */;
			productType = "com.apple.product-type.framework";
		};
		4E083DEE2789A19B009E7C7F /* HomeTests */ = {
			isa = PBXNativeTarget;
			buildConfigurationList = 4E083DFC2789A19B009E7C7F /* Build configuration list for PBXNativeTarget "HomeTests" */;
			buildPhases = (
				4E083DEB2789A19B009E7C7F /* Sources */,
				4E083DEC2789A19B009E7C7F /* Frameworks */,
				4E083DED2789A19B009E7C7F /* Resources */,
			);
			buildRules = (
			);
			dependencies = (
				4E083DF22789A19B009E7C7F /* PBXTargetDependency */,
			);
			name = HomeTests;
			productName = HomeTests;
			productReference = 4E083DEF2789A19B009E7C7F /* HomeTests.xctest */;
			productType = "com.apple.product-type.bundle.unit-test";
		};
/* End PBXNativeTarget section */

/* Begin PBXProject section */
		4E083DDC2789A19B009E7C7F /* Project object */ = {
			isa = PBXProject;
			attributes = {
				BuildIndependentTargetsInParallel = 1;
				LastSwiftUpdateCheck = 1310;
				LastUpgradeCheck = 1310;
				TargetAttributes = {
					4E083DE42789A19B009E7C7F = {
						CreatedOnToolsVersion = 13.1;
					};
					4E083DEE2789A19B009E7C7F = {
						CreatedOnToolsVersion = 13.1;
					};
				};
			};
			buildConfigurationList = 4E083DDF2789A19B009E7C7F /* Build configuration list for PBXProject "Home" */;
			compatibilityVersion = "Xcode 13.0";
			developmentRegion = en;
			hasScannedForEncodings = 0;
			knownRegions = (
				en,
				Base,
			);
			mainGroup = 4E083DDB2789A19B009E7C7F;
			productRefGroup = 4E083DE62789A19B009E7C7F /* Products */;
			projectDirPath = "";
			projectReferences = (
				{
					ProductGroup = 4E083E152789A204009E7C7F /* Products */;
					ProjectRef = 4E083E142789A204009E7C7F /* Common.xcodeproj */;
				},
			);
			projectRoot = "";
			targets = (
				4E083DE42789A19B009E7C7F /* Home */,
				4E083DEE2789A19B009E7C7F /* HomeTests */,
			);
		};
/* End PBXProject section */

/* Begin PBXReferenceProxy section */
		4E083E1A2789A204009E7C7F /* Common.framework */ = {
			isa = PBXReferenceProxy;
			fileType = wrapper.framework;
			path = Common.framework;
			remoteRef = 4E083E192789A204009E7C7F /* PBXContainerItemProxy */;
			sourceTree = BUILT_PRODUCTS_DIR;
		};
		4E083E1C2789A204009E7C7F /* CommonTests.xctest */ = {
			isa = PBXReferenceProxy;
			fileType = wrapper.cfbundle;
			path = CommonTests.xctest;
			remoteRef = 4E083E1B2789A204009E7C7F /* PBXContainerItemProxy */;
			sourceTree = BUILT_PRODUCTS_DIR;
		};
/* End PBXReferenceProxy section */

/* Begin PBXResourcesBuildPhase section */
		4E083DE32789A19B009E7C7F /* Resources */ = {
			isa = PBXResourcesBuildPhase;
			buildActionMask = 2147483647;
			files = (
				4E083E122789A1EB009E7C7F /* Assets.xcassets in Resources */,
			);
			runOnlyForDeploymentPostprocessing = 0;
		};
		4E083DED2789A19B009E7C7F /* Resources */ = {
			isa = PBXResourcesBuildPhase;
			buildActionMask = 2147483647;
			files = (
			);
			runOnlyForDeploymentPostprocessing = 0;
		};
/* End PBXResourcesBuildPhase section */

/* Begin PBXSourcesBuildPhase section */
		4E083DE12789A19B009E7C7F /* Sources */ = {
			isa = PBXSourcesBuildPhase;
			buildActionMask = 2147483647;
			files = (
				4E083DEA2789A19B009E7C7F /* Home.docc in Sources */,
				4E083E2A2789A2C7009E7C7F /* HomeGridView.swift in Sources */,
				4E083E102789A1EB009E7C7F /* HomeListRow.swift in Sources */,
				4E083E112789A1EB009E7C7F /* HomeList.swift in Sources */,
			);
			runOnlyForDeploymentPostprocessing = 0;
		};
		4E083DEB2789A19B009E7C7F /* Sources */ = {
			isa = PBXSourcesBuildPhase;
			buildActionMask = 2147483647;
			files = (
				4E083DF52789A19B009E7C7F /* HomeTests.swift in Sources */,
			);
			runOnlyForDeploymentPostprocessing = 0;
		};
/* End PBXSourcesBuildPhase section */

/* Begin PBXTargetDependency section */
		4E083DF22789A19B009E7C7F /* PBXTargetDependency */ = {
			isa = PBXTargetDependency;
			target = 4E083DE42789A19B009E7C7F /* Home */;
			targetProxy = 4E083DF12789A19B009E7C7F /* PBXContainerItemProxy */;
		};
/* End PBXTargetDependency section */

/* Begin XCBuildConfiguration section */
		4E083DF72789A19B009E7C7F /* Debug */ = {
			isa = XCBuildConfiguration;
			buildSettings = {
				ALWAYS_SEARCH_USER_PATHS = NO;
				CLANG_ANALYZER_NONNULL = YES;
				CLANG_ANALYZER_NUMBER_OBJECT_CONVERSION = YES_AGGRESSIVE;
				CLANG_CXX_LANGUAGE_STANDARD = "gnu++17";
				CLANG_CXX_LIBRARY = "libc++";
				CLANG_ENABLE_MODULES = YES;
				CLANG_ENABLE_OBJC_ARC = YES;
				CLANG_ENABLE_OBJC_WEAK = YES;
				CLANG_WARN_BLOCK_CAPTURE_AUTORELEASING = YES;
				CLANG_WARN_BOOL_CONVERSION = YES;
				CLANG_WARN_COMMA = YES;
				CLANG_WARN_CONSTANT_CONVERSION = YES;
				CLANG_WARN_DEPRECATED_OBJC_IMPLEMENTATIONS = YES;
				CLANG_WARN_DIRECT_OBJC_ISA_USAGE = YES_ERROR;
				CLANG_WARN_DOCUMENTATION_COMMENTS = YES;
				CLANG_WARN_EMPTY_BODY = YES;
				CLANG_WARN_ENUM_CONVERSION = YES;
				CLANG_WARN_INFINITE_RECURSION = YES;
				CLANG_WARN_INT_CONVERSION = YES;
				CLANG_WARN_NON_LITERAL_NULL_CONVERSION = YES;
				CLANG_WARN_OBJC_IMPLICIT_RETAIN_SELF = YES;
				CLANG_WARN_OBJC_LITERAL_CONVERSION = YES;
				CLANG_WARN_OBJC_ROOT_CLASS = YES_ERROR;
				CLANG_WARN_QUOTED_INCLUDE_IN_FRAMEWORK_HEADER = YES;
				CLANG_WARN_RANGE_LOOP_ANALYSIS = YES;
				CLANG_WARN_STRICT_PROTOTYPES = YES;
				CLANG_WARN_SUSPICIOUS_MOVE = YES;
				CLANG_WARN_UNGUARDED_AVAILABILITY = YES_AGGRESSIVE;
				CLANG_WARN_UNREACHABLE_CODE = YES;
				CLANG_WARN__DUPLICATE_METHOD_MATCH = YES;
				COPY_PHASE_STRIP = NO;
				CURRENT_PROJECT_VERSION = 1;
				DEBUG_INFORMATION_FORMAT = dwarf;
				ENABLE_STRICT_OBJC_MSGSEND = YES;
				ENABLE_TESTABILITY = YES;
				GCC_C_LANGUAGE_STANDARD = gnu11;
				GCC_DYNAMIC_NO_PIC = NO;
				GCC_NO_COMMON_BLOCKS = YES;
				GCC_OPTIMIZATION_LEVEL = 0;
				GCC_PREPROCESSOR_DEFINITIONS = (
					"DEBUG=1",
					"$(inherited)",
				);
				GCC_WARN_64_TO_32_BIT_CONVERSION = YES;
				GCC_WARN_ABOUT_RETURN_TYPE = YES_ERROR;
				GCC_WARN_UNDECLARED_SELECTOR = YES;
				GCC_WARN_UNINITIALIZED_AUTOS = YES_AGGRESSIVE;
				GCC_WARN_UNUSED_FUNCTION = YES;
				GCC_WARN_UNUSED_VARIABLE = YES;
				IPHONEOS_DEPLOYMENT_TARGET = 15.0;
				MTL_ENABLE_DEBUG_INFO = INCLUDE_SOURCE;
				MTL_FAST_MATH = YES;
				ONLY_ACTIVE_ARCH = YES;
				SDKROOT = iphoneos;
				SWIFT_ACTIVE_COMPILATION_CONDITIONS = DEBUG;
				SWIFT_OPTIMIZATION_LEVEL = "-Onone";
				VERSIONING_SYSTEM = "apple-generic";
				VERSION_INFO_PREFIX = "";
			};
			name = Debug;
		};
		4E083DF82789A19B009E7C7F /* Release */ = {
			isa = XCBuildConfiguration;
			buildSettings = {
				ALWAYS_SEARCH_USER_PATHS = NO;
				CLANG_ANALYZER_NONNULL = YES;
				CLANG_ANALYZER_NUMBER_OBJECT_CONVERSION = YES_AGGRESSIVE;
				CLANG_CXX_LANGUAGE_STANDARD = "gnu++17";
				CLANG_CXX_LIBRARY = "libc++";
				CLANG_ENABLE_MODULES = YES;
				CLANG_ENABLE_OBJC_ARC = YES;
				CLANG_ENABLE_OBJC_WEAK = YES;
				CLANG_WARN_BLOCK_CAPTURE_AUTORELEASING = YES;
				CLANG_WARN_BOOL_CONVERSION = YES;
				CLANG_WARN_COMMA = YES;
				CLANG_WARN_CONSTANT_CONVERSION = YES;
				CLANG_WARN_DEPRECATED_OBJC_IMPLEMENTATIONS = YES;
				CLANG_WARN_DIRECT_OBJC_ISA_USAGE = YES_ERROR;
				CLANG_WARN_DOCUMENTATION_COMMENTS = YES;
				CLANG_WARN_EMPTY_BODY = YES;
				CLANG_WARN_ENUM_CONVERSION = YES;
				CLANG_WARN_INFINITE_RECURSION = YES;
				CLANG_WARN_INT_CONVERSION = YES;
				CLANG_WARN_NON_LITERAL_NULL_CONVERSION = YES;
				CLANG_WARN_OBJC_IMPLICIT_RETAIN_SELF = YES;
				CLANG_WARN_OBJC_LITERAL_CONVERSION = YES;
				CLANG_WARN_OBJC_ROOT_CLASS = YES_ERROR;
				CLANG_WARN_QUOTED_INCLUDE_IN_FRAMEWORK_HEADER = YES;
				CLANG_WARN_RANGE_LOOP_ANALYSIS = YES;
				CLANG_WARN_STRICT_PROTOTYPES = YES;
				CLANG_WARN_SUSPICIOUS_MOVE = YES;
				CLANG_WARN_UNGUARDED_AVAILABILITY = YES_AGGRESSIVE;
				CLANG_WARN_UNREACHABLE_CODE = YES;
				CLANG_WARN__DUPLICATE_METHOD_MATCH = YES;
				COPY_PHASE_STRIP = NO;
				CURRENT_PROJECT_VERSION = 1;
				DEBUG_INFORMATION_FORMAT = "dwarf-with-dsym";
				ENABLE_NS_ASSERTIONS = NO;
				ENABLE_STRICT_OBJC_MSGSEND = YES;
				GCC_C_LANGUAGE_STANDARD = gnu11;
				GCC_NO_COMMON_BLOCKS = YES;
				GCC_WARN_64_TO_32_BIT_CONVERSION = YES;
				GCC_WARN_ABOUT_RETURN_TYPE = YES_ERROR;
				GCC_WARN_UNDECLARED_SELECTOR = YES;
				GCC_WARN_UNINITIALIZED_AUTOS = YES_AGGRESSIVE;
				GCC_WARN_UNUSED_FUNCTION = YES;
				GCC_WARN_UNUSED_VARIABLE = YES;
				IPHONEOS_DEPLOYMENT_TARGET = 15.0;
				MTL_ENABLE_DEBUG_INFO = NO;
				MTL_FAST_MATH = YES;
				SDKROOT = iphoneos;
				SWIFT_COMPILATION_MODE = wholemodule;
				SWIFT_OPTIMIZATION_LEVEL = "-O";
				VALIDATE_PRODUCT = YES;
				VERSIONING_SYSTEM = "apple-generic";
				VERSION_INFO_PREFIX = "";
			};
			name = Release;
		};
		4E083DFA2789A19B009E7C7F /* Debug */ = {
			isa = XCBuildConfiguration;
			buildSettings = {
				CODE_SIGN_STYLE = Automatic;
				CURRENT_PROJECT_VERSION = 1;
				DEFINES_MODULE = YES;
				DEVELOPMENT_TEAM = 64J85CZRGD;
				DYLIB_COMPATIBILITY_VERSION = 1;
				DYLIB_CURRENT_VERSION = 1;
				DYLIB_INSTALL_NAME_BASE = "@rpath";
				GENERATE_INFOPLIST_FILE = YES;
				INFOPLIST_KEY_NSHumanReadableCopyright = "";
				INSTALL_PATH = "$(LOCAL_LIBRARY_DIR)/Frameworks";
				LD_RUNPATH_SEARCH_PATHS = (
					"$(inherited)",
					"@executable_path/Frameworks",
					"@loader_path/Frameworks",
				);
				MARKETING_VERSION = 1.0;
				PRODUCT_BUNDLE_IDENTIFIER = com.marvel.heros.www.Home;
				PRODUCT_NAME = "$(TARGET_NAME:c99extidentifier)";
				SKIP_INSTALL = YES;
				SWIFT_EMIT_LOC_STRINGS = YES;
				SWIFT_VERSION = 5.0;
				TARGETED_DEVICE_FAMILY = "1,2";
			};
			name = Debug;
		};
		4E083DFB2789A19B009E7C7F /* Release */ = {
			isa = XCBuildConfiguration;
			buildSettings = {
				CODE_SIGN_STYLE = Automatic;
				CURRENT_PROJECT_VERSION = 1;
				DEFINES_MODULE = YES;
				DEVELOPMENT_TEAM = 64J85CZRGD;
				DYLIB_COMPATIBILITY_VERSION = 1;
				DYLIB_CURRENT_VERSION = 1;
				DYLIB_INSTALL_NAME_BASE = "@rpath";
				GENERATE_INFOPLIST_FILE = YES;
				INFOPLIST_KEY_NSHumanReadableCopyright = "";
				INSTALL_PATH = "$(LOCAL_LIBRARY_DIR)/Frameworks";
				LD_RUNPATH_SEARCH_PATHS = (
					"$(inherited)",
					"@executable_path/Frameworks",
					"@loader_path/Frameworks",
				);
				MARKETING_VERSION = 1.0;
				PRODUCT_BUNDLE_IDENTIFIER = com.marvel.heros.www.Home;
				PRODUCT_NAME = "$(TARGET_NAME:c99extidentifier)";
				SKIP_INSTALL = YES;
				SWIFT_EMIT_LOC_STRINGS = YES;
				SWIFT_VERSION = 5.0;
				TARGETED_DEVICE_FAMILY = "1,2";
			};
			name = Release;
		};
		4E083DFD2789A19B009E7C7F /* Debug */ = {
			isa = XCBuildConfiguration;
			buildSettings = {
				ALWAYS_EMBED_SWIFT_STANDARD_LIBRARIES = YES;
				CODE_SIGN_STYLE = Automatic;
				CURRENT_PROJECT_VERSION = 1;
				DEVELOPMENT_TEAM = 64J85CZRGD;
				GENERATE_INFOPLIST_FILE = YES;
				LD_RUNPATH_SEARCH_PATHS = (
					"$(inherited)",
					"@executable_path/Frameworks",
					"@loader_path/Frameworks",
				);
				MARKETING_VERSION = 1.0;
				PRODUCT_BUNDLE_IDENTIFIER = com.marvel.heros.www.HomeTests;
				PRODUCT_NAME = "$(TARGET_NAME)";
				SWIFT_EMIT_LOC_STRINGS = NO;
				SWIFT_VERSION = 5.0;
				TARGETED_DEVICE_FAMILY = "1,2";
			};
			name = Debug;
		};
		4E083DFE2789A19B009E7C7F /* Release */ = {
			isa = XCBuildConfiguration;
			buildSettings = {
				ALWAYS_EMBED_SWIFT_STANDARD_LIBRARIES = YES;
				CODE_SIGN_STYLE = Automatic;
				CURRENT_PROJECT_VERSION = 1;
				DEVELOPMENT_TEAM = 64J85CZRGD;
				GENERATE_INFOPLIST_FILE = YES;
				LD_RUNPATH_SEARCH_PATHS = (
					"$(inherited)",
					"@executable_path/Frameworks",
					"@loader_path/Frameworks",
				);
				MARKETING_VERSION = 1.0;
				PRODUCT_BUNDLE_IDENTIFIER = com.marvel.heros.www.HomeTests;
				PRODUCT_NAME = "$(TARGET_NAME)";
				SWIFT_EMIT_LOC_STRINGS = NO;
				SWIFT_VERSION = 5.0;
				TARGETED_DEVICE_FAMILY = "1,2";
			};
			name = Release;
		};
/* End XCBuildConfiguration section */

/* Begin XCConfigurationList section */
		4E083DDF2789A19B009E7C7F /* Build configuration list for PBXProject "Home" */ = {
			isa = XCConfigurationList;
			buildConfigurations = (
				4E083DF72789A19B009E7C7F /* Debug */,
				4E083DF82789A19B009E7C7F /* Release */,
			);
			defaultConfigurationIsVisible = 0;
			defaultConfigurationName = Release;
		};
		4E083DF92789A19B009E7C7F /* Build configuration list for PBXNativeTarget "Home" */ = {
			isa = XCConfigurationList;
			buildConfigurations = (
				4E083DFA2789A19B009E7C7F /* Debug */,
				4E083DFB2789A19B009E7C7F /* Release */,
			);
			defaultConfigurationIsVisible = 0;
			defaultConfigurationName = Release;
		};
		4E083DFC2789A19B009E7C7F /* Build configuration list for PBXNativeTarget "HomeTests" */ = {
			isa = XCConfigurationList;
			buildConfigurations = (
				4E083DFD2789A19B009E7C7F /* Debug */,
				4E083DFE2789A19B009E7C7F /* Release */,
			);
			defaultConfigurationIsVisible = 0;
			defaultConfigurationName = Release;
		};
/* End XCConfigurationList section */
	};
	rootObject = 4E083DDC2789A19B009E7C7F /* Project object */;
}
