// !$*UTF8*$!
{
	archiveVersion = 1;
	classes = {
	};
	objectVersion = 55;
	objects = {

/* Begin PBXBuildFile section */
		4E083D8F27899B46009E7C7F /* Common.docc in Sources */ = {isa = PBXBuildFile; fileRef = 4E083D8E27899B46009E7C7F /* Common.docc */; };
		4E083D9527899B46009E7C7F /* Common.framework in Frameworks */ = {isa = PBXBuildFile; fileRef = 4E083D8A27899B46009E7C7F /* Common.framework */; };
		4E083D9B27899B46009E7C7F /* Common.h in Headers */ = {isa = PBXBuildFile; fileRef = 4E083D8D27899B46009E7C7F /* Common.h */; settings = {ATTRIBUTES = (Public, ); }; };
		4E083DAA27899B85009E7C7F /* View + CornerRadius.swift in Sources */ = {isa = PBXBuildFile; fileRef = 4E083DA627899B85009E7C7F /* View + CornerRadius.swift */; };
		4E083DAB27899B85009E7C7F /* RoundedCorner.swift in Sources */ = {isa = PBXBuildFile; fileRef = 4E083DA827899B85009E7C7F /* RoundedCorner.swift */; };
		4E083DAC27899B85009E7C7F /* CalloutTextView.swift in Sources */ = {isa = PBXBuildFile; fileRef = 4E083DA927899B85009E7C7F /* CalloutTextView.swift */; };
		4E295034278AE1DB00A42AE3 /* ScrollUIView.swift in Sources */ = {isa = PBXBuildFile; fileRef = 4E295033278AE1DB00A42AE3 /* ScrollUIView.swift */; };
		4E295036278AE20100A42AE3 /* ScrollViewController.swift in Sources */ = {isa = PBXBuildFile; fileRef = 4E295035278AE20100A42AE3 /* ScrollViewController.swift */; };
		4E5F75BF2792BD5500A22FC5 /* TextOverlay.swift in Sources */ = {isa = PBXBuildFile; fileRef = 4E5F75BE2792BD5400A22FC5 /* TextOverlay.swift */; };
		4E5F75FA2792EB3300A22FC5 /* ImageDownloadError.swift in Sources */ = {isa = PBXBuildFile; fileRef = 4E5F75F92792EB3300A22FC5 /* ImageDownloadError.swift */; };
		4E5F76162792F6D500A22FC5 /* ChampionDownloadError.swift in Sources */ = {isa = PBXBuildFile; fileRef = 4E5F76132792F6D500A22FC5 /* ChampionDownloadError.swift */; };
		4E5F76172792F6D500A22FC5 /* Champion.swift in Sources */ = {isa = PBXBuildFile; fileRef = 4E5F76152792F6D500A22FC5 /* Champion.swift */; };
		4E6CB86B2793237C006DDC05 /* AppResolverTests.swift in Sources */ = {isa = PBXBuildFile; fileRef = 4E6CB86A2793237C006DDC05 /* AppResolverTests.swift */; };
		4E7A7DF3278E587D00BEF94D /* Injected.swift in Sources */ = {isa = PBXBuildFile; fileRef = 4E7A7DF2278E587D00BEF94D /* Injected.swift */; };
		4E7A7DF5278E58BF00BEF94D /* Resolver.swift in Sources */ = {isa = PBXBuildFile; fileRef = 4E7A7DF4278E58BF00BEF94D /* Resolver.swift */; };
		5C5D5ADB9EA97A100087F3A8 /* Pods_Common_CommonTests.framework in Frameworks */ = {isa = PBXBuildFile; fileRef = 5BADE510F2C2C7FCE7A5A3CA /* Pods_Common_CommonTests.framework */; };
		BA3BCC2E64FCAE919F6DDE89 /* Pods_Common.framework in Frameworks */ = {isa = PBXBuildFile; fileRef = 143BC86B963F8D637E30AA7F /* Pods_Common.framework */; };
/* End PBXBuildFile section */

/* Begin PBXContainerItemProxy section */
		4E083D9627899B46009E7C7F /* PBXContainerItemProxy */ = {
			isa = PBXContainerItemProxy;
			containerPortal = 4E083D8127899B46009E7C7F /* Project object */;
			proxyType = 1;
			remoteGlobalIDString = 4E083D8927899B46009E7C7F;
			remoteInfo = Common;
		};
/* End PBXContainerItemProxy section */

/* Begin PBXFileReference section */
		143BC86B963F8D637E30AA7F /* Pods_Common.framework */ = {isa = PBXFileReference; explicitFileType = wrapper.framework; includeInIndex = 0; path = Pods_Common.framework; sourceTree = BUILT_PRODUCTS_DIR; };
		3406A15B37BDE466825C7447 /* Pods-LOLChampionsApp-Common.debug.xcconfig */ = {isa = PBXFileReference; includeInIndex = 1; lastKnownFileType = text.xcconfig; name = "Pods-LOLChampionsApp-Common.debug.xcconfig"; path = "Target Support Files/Pods-LOLChampionsApp-Common/Pods-LOLChampionsApp-Common.debug.xcconfig"; sourceTree = "<group>"; };
		3807F08C707016B52E6C8046 /* Pods-LOLChampions-Common.debug.xcconfig */ = {isa = PBXFileReference; includeInIndex = 1; lastKnownFileType = text.xcconfig; name = "Pods-LOLChampions-Common.debug.xcconfig"; path = "Target Support Files/Pods-LOLChampions-Common/Pods-LOLChampions-Common.debug.xcconfig"; sourceTree = "<group>"; };
		38FC88F99806304036BB7C0A /* Pods-Common-CommonTests.debug.xcconfig */ = {isa = PBXFileReference; includeInIndex = 1; lastKnownFileType = text.xcconfig; name = "Pods-Common-CommonTests.debug.xcconfig"; path = "Target Support Files/Pods-Common-CommonTests/Pods-Common-CommonTests.debug.xcconfig"; sourceTree = "<group>"; };
		4E083D8A27899B46009E7C7F /* Common.framework */ = {isa = PBXFileReference; explicitFileType = wrapper.framework; includeInIndex = 0; path = Common.framework; sourceTree = BUILT_PRODUCTS_DIR; };
		4E083D8D27899B46009E7C7F /* Common.h */ = {isa = PBXFileReference; lastKnownFileType = sourcecode.c.h; path = Common.h; sourceTree = "<group>"; };
		4E083D8E27899B46009E7C7F /* Common.docc */ = {isa = PBXFileReference; lastKnownFileType = folder.documentationcatalog; path = Common.docc; sourceTree = "<group>"; };
		4E083D9427899B46009E7C7F /* CommonTests.xctest */ = {isa = PBXFileReference; explicitFileType = wrapper.cfbundle; includeInIndex = 0; path = CommonTests.xctest; sourceTree = BUILT_PRODUCTS_DIR; };
		4E083DA627899B85009E7C7F /* View + CornerRadius.swift */ = {isa = PBXFileReference; fileEncoding = 4; lastKnownFileType = sourcecode.swift; path = "View + CornerRadius.swift"; sourceTree = "<group>"; };
		4E083DA827899B85009E7C7F /* RoundedCorner.swift */ = {isa = PBXFileReference; fileEncoding = 4; lastKnownFileType = sourcecode.swift; path = RoundedCorner.swift; sourceTree = "<group>"; };
		4E083DA927899B85009E7C7F /* CalloutTextView.swift */ = {isa = PBXFileReference; fileEncoding = 4; lastKnownFileType = sourcecode.swift; path = CalloutTextView.swift; sourceTree = "<group>"; };
		4E295033278AE1DB00A42AE3 /* ScrollUIView.swift */ = {isa = PBXFileReference; lastKnownFileType = sourcecode.swift; path = ScrollUIView.swift; sourceTree = "<group>"; };
		4E295035278AE20100A42AE3 /* ScrollViewController.swift */ = {isa = PBXFileReference; lastKnownFileType = sourcecode.swift; path = ScrollViewController.swift; sourceTree = "<group>"; };
		4E5F75BE2792BD5400A22FC5 /* TextOverlay.swift */ = {isa = PBXFileReference; lastKnownFileType = sourcecode.swift; path = TextOverlay.swift; sourceTree = "<group>"; };
		4E5F75F92792EB3300A22FC5 /* ImageDownloadError.swift */ = {isa = PBXFileReference; fileEncoding = 4; lastKnownFileType = sourcecode.swift; path = ImageDownloadError.swift; sourceTree = "<group>"; };
		4E5F76132792F6D500A22FC5 /* ChampionDownloadError.swift */ = {isa = PBXFileReference; fileEncoding = 4; lastKnownFileType = sourcecode.swift; path = ChampionDownloadError.swift; sourceTree = "<group>"; };
		4E5F76152792F6D500A22FC5 /* Champion.swift */ = {isa = PBXFileReference; fileEncoding = 4; lastKnownFileType = sourcecode.swift; path = Champion.swift; sourceTree = "<group>"; };
		4E6CB86A2793237C006DDC05 /* AppResolverTests.swift */ = {isa = PBXFileReference; lastKnownFileType = sourcecode.swift; path = AppResolverTests.swift; sourceTree = "<group>"; };
		4E7A7DF2278E587D00BEF94D /* Injected.swift */ = {isa = PBXFileReference; lastKnownFileType = sourcecode.swift; path = Injected.swift; sourceTree = "<group>"; };
		4E7A7DF4278E58BF00BEF94D /* Resolver.swift */ = {isa = PBXFileReference; lastKnownFileType = sourcecode.swift; path = Resolver.swift; sourceTree = "<group>"; };
		5B71C1DF59D684796E2A67ED /* Pods-Common.debug.xcconfig */ = {isa = PBXFileReference; includeInIndex = 1; lastKnownFileType = text.xcconfig; name = "Pods-Common.debug.xcconfig"; path = "Target Support Files/Pods-Common/Pods-Common.debug.xcconfig"; sourceTree = "<group>"; };
		5BADE510F2C2C7FCE7A5A3CA /* Pods_Common_CommonTests.framework */ = {isa = PBXFileReference; explicitFileType = wrapper.framework; includeInIndex = 0; path = Pods_Common_CommonTests.framework; sourceTree = BUILT_PRODUCTS_DIR; };
		6D5C56A32B7AB686268A118A /* Pods-CommonTests.debug.xcconfig */ = {isa = PBXFileReference; includeInIndex = 1; lastKnownFileType = text.xcconfig; name = "Pods-CommonTests.debug.xcconfig"; path = "Target Support Files/Pods-CommonTests/Pods-CommonTests.debug.xcconfig"; sourceTree = "<group>"; };
		852DE67A724ADB7592CD33E7 /* Pods-Common-CommonTests.release.xcconfig */ = {isa = PBXFileReference; includeInIndex = 1; lastKnownFileType = text.xcconfig; name = "Pods-Common-CommonTests.release.xcconfig"; path = "Target Support Files/Pods-Common-CommonTests/Pods-Common-CommonTests.release.xcconfig"; sourceTree = "<group>"; };
		A656CF59568A2F3FADA8C6BA /* Pods-CommonTests.release.xcconfig */ = {isa = PBXFileReference; includeInIndex = 1; lastKnownFileType = text.xcconfig; name = "Pods-CommonTests.release.xcconfig"; path = "Target Support Files/Pods-CommonTests/Pods-CommonTests.release.xcconfig"; sourceTree = "<group>"; };
		A77F198EA3C0D566FE8A4741 /* Pods-LOLChampions-Common.release.xcconfig */ = {isa = PBXFileReference; includeInIndex = 1; lastKnownFileType = text.xcconfig; name = "Pods-LOLChampions-Common.release.xcconfig"; path = "Target Support Files/Pods-LOLChampions-Common/Pods-LOLChampions-Common.release.xcconfig"; sourceTree = "<group>"; };
		CC6259BB085CF29BDB517762 /* Pods-Common.release.xcconfig */ = {isa = PBXFileReference; includeInIndex = 1; lastKnownFileType = text.xcconfig; name = "Pods-Common.release.xcconfig"; path = "Target Support Files/Pods-Common/Pods-Common.release.xcconfig"; sourceTree = "<group>"; };
		CEE2230DFDC384CE72AC0221 /* Pods-LOLChampionsApp-Common.release.xcconfig */ = {isa = PBXFileReference; includeInIndex = 1; lastKnownFileType = text.xcconfig; name = "Pods-LOLChampionsApp-Common.release.xcconfig"; path = "Target Support Files/Pods-LOLChampionsApp-Common/Pods-LOLChampionsApp-Common.release.xcconfig"; sourceTree = "<group>"; };
/* End PBXFileReference section */

/* Begin PBXFrameworksBuildPhase section */
		4E083D8727899B46009E7C7F /* Frameworks */ = {
			isa = PBXFrameworksBuildPhase;
			buildActionMask = 2147483647;
			files = (
				BA3BCC2E64FCAE919F6DDE89 /* Pods_Common.framework in Frameworks */,
			);
			runOnlyForDeploymentPostprocessing = 0;
		};
		4E083D9127899B46009E7C7F /* Frameworks */ = {
			isa = PBXFrameworksBuildPhase;
			buildActionMask = 2147483647;
			files = (
				4E083D9527899B46009E7C7F /* Common.framework in Frameworks */,
				5C5D5ADB9EA97A100087F3A8 /* Pods_Common_CommonTests.framework in Frameworks */,
			);
			runOnlyForDeploymentPostprocessing = 0;
		};
/* End PBXFrameworksBuildPhase section */

/* Begin PBXGroup section */
		4C8826C17F7EC2C5A2DFCADF /* Pods */ = {
			isa = PBXGroup;
			children = (
				5B71C1DF59D684796E2A67ED /* Pods-Common.debug.xcconfig */,
				CC6259BB085CF29BDB517762 /* Pods-Common.release.xcconfig */,
				3807F08C707016B52E6C8046 /* Pods-LOLChampions-Common.debug.xcconfig */,
				A77F198EA3C0D566FE8A4741 /* Pods-LOLChampions-Common.release.xcconfig */,
				3406A15B37BDE466825C7447 /* Pods-LOLChampionsApp-Common.debug.xcconfig */,
				CEE2230DFDC384CE72AC0221 /* Pods-LOLChampionsApp-Common.release.xcconfig */,
				6D5C56A32B7AB686268A118A /* Pods-CommonTests.debug.xcconfig */,
				A656CF59568A2F3FADA8C6BA /* Pods-CommonTests.release.xcconfig */,
				38FC88F99806304036BB7C0A /* Pods-Common-CommonTests.debug.xcconfig */,
				852DE67A724ADB7592CD33E7 /* Pods-Common-CommonTests.release.xcconfig */,
			);
			name = Pods;
			path = ../Pods;
			sourceTree = "<group>";
		};
		4E083D8027899B46009E7C7F = {
			isa = PBXGroup;
			children = (
				4E083D8C27899B46009E7C7F /* Common */,
				4E083D9827899B46009E7C7F /* CommonTests */,
				4E083D8B27899B46009E7C7F /* Products */,
				4C8826C17F7EC2C5A2DFCADF /* Pods */,
				AA0A3687B103A1404870F30A /* Frameworks */,
			);
			sourceTree = "<group>";
		};
		4E083D8B27899B46009E7C7F /* Products */ = {
			isa = PBXGroup;
			children = (
				4E083D8A27899B46009E7C7F /* Common.framework */,
				4E083D9427899B46009E7C7F /* CommonTests.xctest */,
			);
			name = Products;
			sourceTree = "<group>";
		};
		4E083D8C27899B46009E7C7F /* Common */ = {
			isa = PBXGroup;
			children = (
				4E5F75F62792EAFF00A22FC5 /* Domain */,
				4E7A7DF0278E586700BEF94D /* DI */,
				4E083DA427899B85009E7C7F /* View */,
				4E083D8D27899B46009E7C7F /* Common.h */,
				4E083D8E27899B46009E7C7F /* Common.docc */,
			);
			path = Common;
			sourceTree = "<group>";
		};
		4E083D9827899B46009E7C7F /* CommonTests */ = {
			isa = PBXGroup;
			children = (
				4E6CB86A2793237C006DDC05 /* AppResolverTests.swift */,
			);
			path = CommonTests;
			sourceTree = "<group>";
		};
		4E083DA427899B85009E7C7F /* View */ = {
			isa = PBXGroup;
			children = (
				4E083DA527899B85009E7C7F /* extensions */,
				4E083DA727899B85009E7C7F /* Custom */,
			);
			path = View;
			sourceTree = "<group>";
		};
		4E083DA527899B85009E7C7F /* extensions */ = {
			isa = PBXGroup;
			children = (
				4E083DA627899B85009E7C7F /* View + CornerRadius.swift */,
			);
			path = extensions;
			sourceTree = "<group>";
		};
		4E083DA727899B85009E7C7F /* Custom */ = {
			isa = PBXGroup;
			children = (
				4E295032278AE1CD00A42AE3 /* ScrollView */,
				4E083DA827899B85009E7C7F /* RoundedCorner.swift */,
				4E083DA927899B85009E7C7F /* CalloutTextView.swift */,
			);
			path = Custom;
			sourceTree = "<group>";
		};
		4E295032278AE1CD00A42AE3 /* ScrollView */ = {
			isa = PBXGroup;
			children = (
				4E5F75BE2792BD5400A22FC5 /* TextOverlay.swift */,
				4E295033278AE1DB00A42AE3 /* ScrollUIView.swift */,
				4E295035278AE20100A42AE3 /* ScrollViewController.swift */,
			);
			path = ScrollView;
			sourceTree = "<group>";
		};
		4E5F75F62792EAFF00A22FC5 /* Domain */ = {
			isa = PBXGroup;
			children = (
				4E5F76142792F6D500A22FC5 /* Champion */,
				4E5F76122792F6D500A22FC5 /* Error */,
			);
			path = Domain;
			sourceTree = "<group>";
		};
		4E5F76122792F6D500A22FC5 /* Error */ = {
			isa = PBXGroup;
			children = (
				4E5F75F92792EB3300A22FC5 /* ImageDownloadError.swift */,
				4E5F76132792F6D500A22FC5 /* ChampionDownloadError.swift */,
			);
			path = Error;
			sourceTree = "<group>";
		};
		4E5F76142792F6D500A22FC5 /* Champion */ = {
			isa = PBXGroup;
			children = (
				4E5F76152792F6D500A22FC5 /* Champion.swift */,
			);
			path = Champion;
			sourceTree = "<group>";
		};
		4E7A7DF0278E586700BEF94D /* DI */ = {
			isa = PBXGroup;
			children = (
				4E7A7DF2278E587D00BEF94D /* Injected.swift */,
				4E7A7DF4278E58BF00BEF94D /* Resolver.swift */,
			);
			path = DI;
			sourceTree = "<group>";
		};
		AA0A3687B103A1404870F30A /* Frameworks */ = {
			isa = PBXGroup;
			children = (
				143BC86B963F8D637E30AA7F /* Pods_Common.framework */,
				5BADE510F2C2C7FCE7A5A3CA /* Pods_Common_CommonTests.framework */,
			);
			name = Frameworks;
			sourceTree = "<group>";
		};
/* End PBXGroup section */

/* Begin PBXHeadersBuildPhase section */
		4E083D8527899B46009E7C7F /* Headers */ = {
			isa = PBXHeadersBuildPhase;
			buildActionMask = 2147483647;
			files = (
				4E083D9B27899B46009E7C7F /* Common.h in Headers */,
			);
			runOnlyForDeploymentPostprocessing = 0;
		};
/* End PBXHeadersBuildPhase section */

/* Begin PBXNativeTarget section */
		4E083D8927899B46009E7C7F /* Common */ = {
			isa = PBXNativeTarget;
			buildConfigurationList = 4E083D9E27899B46009E7C7F /* Build configuration list for PBXNativeTarget "Common" */;
			buildPhases = (
				E7903931055DC22138071C5C /* [CP] Check Pods Manifest.lock */,
				4E083D8527899B46009E7C7F /* Headers */,
				4E083D8627899B46009E7C7F /* Sources */,
				4E083D8727899B46009E7C7F /* Frameworks */,
				4E083D8827899B46009E7C7F /* Resources */,
				4E083F4C2789F143009E7C7F /* SwiftLint */,
			);
			buildRules = (
			);
			dependencies = (
			);
			name = Common;
			productName = Common;
			productReference = 4E083D8A27899B46009E7C7F /* Common.framework */;
			productType = "com.apple.product-type.framework";
		};
		4E083D9327899B46009E7C7F /* CommonTests */ = {
			isa = PBXNativeTarget;
			buildConfigurationList = 4E083DA127899B46009E7C7F /* Build configuration list for PBXNativeTarget "CommonTests" */;
			buildPhases = (
				40EB6417043A20C5DDDA70FC /* [CP] Check Pods Manifest.lock */,
				4E083D9027899B46009E7C7F /* Sources */,
				4E083D9127899B46009E7C7F /* Frameworks */,
				4E083D9227899B46009E7C7F /* Resources */,
				E4D9C06A3CDA1CD740D17279 /* [CP] Embed Pods Frameworks */,
			);
			buildRules = (
			);
			dependencies = (
				4E083D9727899B46009E7C7F /* PBXTargetDependency */,
			);
			name = CommonTests;
			productName = CommonTests;
			productReference = 4E083D9427899B46009E7C7F /* CommonTests.xctest */;
			productType = "com.apple.product-type.bundle.unit-test";
		};
/* End PBXNativeTarget section */

/* Begin PBXProject section */
		4E083D8127899B46009E7C7F /* Project object */ = {
			isa = PBXProject;
			attributes = {
				BuildIndependentTargetsInParallel = 1;
				LastSwiftUpdateCheck = 1310;
				LastUpgradeCheck = 1310;
				TargetAttributes = {
					4E083D8927899B46009E7C7F = {
						CreatedOnToolsVersion = 13.1;
					};
					4E083D9327899B46009E7C7F = {
						CreatedOnToolsVersion = 13.1;
					};
				};
			};
			buildConfigurationList = 4E083D8427899B46009E7C7F /* Build configuration list for PBXProject "Common" */;
			compatibilityVersion = "Xcode 13.0";
			developmentRegion = en;
			hasScannedForEncodings = 0;
			knownRegions = (
				en,
				Base,
			);
			mainGroup = 4E083D8027899B46009E7C7F;
			productRefGroup = 4E083D8B27899B46009E7C7F /* Products */;
			projectDirPath = "";
			projectRoot = "";
			targets = (
				4E083D8927899B46009E7C7F /* Common */,
				4E083D9327899B46009E7C7F /* CommonTests */,
			);
		};
/* End PBXProject section */

/* Begin PBXResourcesBuildPhase section */
		4E083D8827899B46009E7C7F /* Resources */ = {
			isa = PBXResourcesBuildPhase;
			buildActionMask = 2147483647;
			files = (
			);
			runOnlyForDeploymentPostprocessing = 0;
		};
		4E083D9227899B46009E7C7F /* Resources */ = {
			isa = PBXResourcesBuildPhase;
			buildActionMask = 2147483647;
			files = (
			);
			runOnlyForDeploymentPostprocessing = 0;
		};
/* End PBXResourcesBuildPhase section */

/* Begin PBXShellScriptBuildPhase section */
		40EB6417043A20C5DDDA70FC /* [CP] Check Pods Manifest.lock */ = {
			isa = PBXShellScriptBuildPhase;
			buildActionMask = 2147483647;
			files = (
			);
			inputFileListPaths = (
			);
			inputPaths = (
				"${PODS_PODFILE_DIR_PATH}/Podfile.lock",
				"${PODS_ROOT}/Manifest.lock",
			);
			name = "[CP] Check Pods Manifest.lock";
			outputFileListPaths = (
			);
			outputPaths = (
				"$(DERIVED_FILE_DIR)/Pods-Common-CommonTests-checkManifestLockResult.txt",
			);
			runOnlyForDeploymentPostprocessing = 0;
			shellPath = /bin/sh;
			shellScript = "diff \"${PODS_PODFILE_DIR_PATH}/Podfile.lock\" \"${PODS_ROOT}/Manifest.lock\" > /dev/null\nif [ $? != 0 ] ; then\n    # print error to STDERR\n    echo \"error: The sandbox is not in sync with the Podfile.lock. Run 'pod install' or update your CocoaPods installation.\" >&2\n    exit 1\nfi\n# This output is used by Xcode 'outputs' to avoid re-running this script phase.\necho \"SUCCESS\" > \"${SCRIPT_OUTPUT_FILE_0}\"\n";
			showEnvVarsInLog = 0;
		};
		4E083F4C2789F143009E7C7F /* SwiftLint */ = {
			isa = PBXShellScriptBuildPhase;
			buildActionMask = 2147483647;
			files = (
			);
			inputFileListPaths = (
			);
			inputPaths = (
			);
			name = SwiftLint;
			outputFileListPaths = (
			);
			outputPaths = (
			);
			runOnlyForDeploymentPostprocessing = 0;
			shellPath = /bin/sh;
			shellScript = "\"${PODS_ROOT}/SwiftLint/swiftlint\"\n";
		};
		E4D9C06A3CDA1CD740D17279 /* [CP] Embed Pods Frameworks */ = {
			isa = PBXShellScriptBuildPhase;
			buildActionMask = 2147483647;
			files = (
			);
			inputFileListPaths = (
				"${PODS_ROOT}/Target Support Files/Pods-Common-CommonTests/Pods-Common-CommonTests-frameworks-${CONFIGURATION}-input-files.xcfilelist",
			);
			name = "[CP] Embed Pods Frameworks";
			outputFileListPaths = (
				"${PODS_ROOT}/Target Support Files/Pods-Common-CommonTests/Pods-Common-CommonTests-frameworks-${CONFIGURATION}-output-files.xcfilelist",
			);
			runOnlyForDeploymentPostprocessing = 0;
			shellPath = /bin/sh;
			shellScript = "\"${PODS_ROOT}/Target Support Files/Pods-Common-CommonTests/Pods-Common-CommonTests-frameworks.sh\"\n";
			showEnvVarsInLog = 0;
		};
		E7903931055DC22138071C5C /* [CP] Check Pods Manifest.lock */ = {
			isa = PBXShellScriptBuildPhase;
			buildActionMask = 2147483647;
			files = (
			);
			inputFileListPaths = (
			);
			inputPaths = (
				"${PODS_PODFILE_DIR_PATH}/Podfile.lock",
				"${PODS_ROOT}/Manifest.lock",
			);
			name = "[CP] Check Pods Manifest.lock";
			outputFileListPaths = (
			);
			outputPaths = (
				"$(DERIVED_FILE_DIR)/Pods-Common-checkManifestLockResult.txt",
			);
			runOnlyForDeploymentPostprocessing = 0;
			shellPath = /bin/sh;
			shellScript = "diff \"${PODS_PODFILE_DIR_PATH}/Podfile.lock\" \"${PODS_ROOT}/Manifest.lock\" > /dev/null\nif [ $? != 0 ] ; then\n    # print error to STDERR\n    echo \"error: The sandbox is not in sync with the Podfile.lock. Run 'pod install' or update your CocoaPods installation.\" >&2\n    exit 1\nfi\n# This output is used by Xcode 'outputs' to avoid re-running this script phase.\necho \"SUCCESS\" > \"${SCRIPT_OUTPUT_FILE_0}\"\n";
			showEnvVarsInLog = 0;
		};
/* End PBXShellScriptBuildPhase section */

/* Begin PBXSourcesBuildPhase section */
		4E083D8627899B46009E7C7F /* Sources */ = {
			isa = PBXSourcesBuildPhase;
			buildActionMask = 2147483647;
			files = (
				4E083DAC27899B85009E7C7F /* CalloutTextView.swift in Sources */,
				4E5F76162792F6D500A22FC5 /* ChampionDownloadError.swift in Sources */,
				4E295036278AE20100A42AE3 /* ScrollViewController.swift in Sources */,
				4E7A7DF3278E587D00BEF94D /* Injected.swift in Sources */,
				4E7A7DF5278E58BF00BEF94D /* Resolver.swift in Sources */,
				4E083DAB27899B85009E7C7F /* RoundedCorner.swift in Sources */,
				4E295034278AE1DB00A42AE3 /* ScrollUIView.swift in Sources */,
				4E5F75BF2792BD5500A22FC5 /* TextOverlay.swift in Sources */,
				4E5F76172792F6D500A22FC5 /* Champion.swift in Sources */,
				4E083D8F27899B46009E7C7F /* Common.docc in Sources */,
				4E5F75FA2792EB3300A22FC5 /* ImageDownloadError.swift in Sources */,
				4E083DAA27899B85009E7C7F /* View + CornerRadius.swift in Sources */,
			);
			runOnlyForDeploymentPostprocessing = 0;
		};
		4E083D9027899B46009E7C7F /* Sources */ = {
			isa = PBXSourcesBuildPhase;
			buildActionMask = 2147483647;
			files = (
				4E6CB86B2793237C006DDC05 /* AppResolverTests.swift in Sources */,
			);
			runOnlyForDeploymentPostprocessing = 0;
		};
/* End PBXSourcesBuildPhase section */

/* Begin PBXTargetDependency section */
		4E083D9727899B46009E7C7F /* PBXTargetDependency */ = {
			isa = PBXTargetDependency;
			target = 4E083D8927899B46009E7C7F /* Common */;
			targetProxy = 4E083D9627899B46009E7C7F /* PBXContainerItemProxy */;
		};
/* End PBXTargetDependency section */

/* Begin XCBuildConfiguration section */
		4E083D9C27899B46009E7C7F /* Debug */ = {
			isa = XCBuildConfiguration;
			buildSettings = {
				ALWAYS_SEARCH_USER_PATHS = NO;
				CLANG_ANALYZER_NONNULL = YES;
				CLANG_ANALYZER_NUMBER_OBJECT_CONVERSION = YES_AGGRESSIVE;
				CLANG_CXX_LANGUAGE_STANDARD = "gnu++17";
				CLANG_CXX_LIBRARY = "libc++";
				CLANG_ENABLE_MODULES = YES;
				CLANG_ENABLE_OBJC_ARC = YES;
				CLANG_ENABLE_OBJC_WEAK = YES;
				CLANG_WARN_BLOCK_CAPTURE_AUTORELEASING = YES;
				CLANG_WARN_BOOL_CONVERSION = YES;
				CLANG_WARN_COMMA = YES;
				CLANG_WARN_CONSTANT_CONVERSION = YES;
				CLANG_WARN_DEPRECATED_OBJC_IMPLEMENTATIONS = YES;
				CLANG_WARN_DIRECT_OBJC_ISA_USAGE = YES_ERROR;
				CLANG_WARN_DOCUMENTATION_COMMENTS = YES;
				CLANG_WARN_EMPTY_BODY = YES;
				CLANG_WARN_ENUM_CONVERSION = YES;
				CLANG_WARN_INFINITE_RECURSION = YES;
				CLANG_WARN_INT_CONVERSION = YES;
				CLANG_WARN_NON_LITERAL_NULL_CONVERSION = YES;
				CLANG_WARN_OBJC_IMPLICIT_RETAIN_SELF = YES;
				CLANG_WARN_OBJC_LITERAL_CONVERSION = YES;
				CLANG_WARN_OBJC_ROOT_CLASS = YES_ERROR;
				CLANG_WARN_QUOTED_INCLUDE_IN_FRAMEWORK_HEADER = YES;
				CLANG_WARN_RANGE_LOOP_ANALYSIS = YES;
				CLANG_WARN_STRICT_PROTOTYPES = YES;
				CLANG_WARN_SUSPICIOUS_MOVE = YES;
				CLANG_WARN_UNGUARDED_AVAILABILITY = YES_AGGRESSIVE;
				CLANG_WARN_UNREACHABLE_CODE = YES;
				CLANG_WARN__DUPLICATE_METHOD_MATCH = YES;
				COPY_PHASE_STRIP = NO;
				CURRENT_PROJECT_VERSION = 1;
				DEBUG_INFORMATION_FORMAT = dwarf;
				ENABLE_STRICT_OBJC_MSGSEND = YES;
				ENABLE_TESTABILITY = YES;
				GCC_C_LANGUAGE_STANDARD = gnu11;
				GCC_DYNAMIC_NO_PIC = NO;
				GCC_NO_COMMON_BLOCKS = YES;
				GCC_OPTIMIZATION_LEVEL = 0;
				GCC_PREPROCESSOR_DEFINITIONS = (
					"DEBUG=1",
					"$(inherited)",
				);
				GCC_WARN_64_TO_32_BIT_CONVERSION = YES;
				GCC_WARN_ABOUT_RETURN_TYPE = YES_ERROR;
				GCC_WARN_UNDECLARED_SELECTOR = YES;
				GCC_WARN_UNINITIALIZED_AUTOS = YES_AGGRESSIVE;
				GCC_WARN_UNUSED_FUNCTION = YES;
				GCC_WARN_UNUSED_VARIABLE = YES;
				IPHONEOS_DEPLOYMENT_TARGET = 15.0;
				MTL_ENABLE_DEBUG_INFO = INCLUDE_SOURCE;
				MTL_FAST_MATH = YES;
				ONLY_ACTIVE_ARCH = YES;
				SDKROOT = iphoneos;
				SWIFT_ACTIVE_COMPILATION_CONDITIONS = DEBUG;
				SWIFT_OPTIMIZATION_LEVEL = "-Onone";
				VERSIONING_SYSTEM = "apple-generic";
				VERSION_INFO_PREFIX = "";
			};
			name = Debug;
		};
		4E083D9D27899B46009E7C7F /* Release */ = {
			isa = XCBuildConfiguration;
			buildSettings = {
				ALWAYS_SEARCH_USER_PATHS = NO;
				CLANG_ANALYZER_NONNULL = YES;
				CLANG_ANALYZER_NUMBER_OBJECT_CONVERSION = YES_AGGRESSIVE;
				CLANG_CXX_LANGUAGE_STANDARD = "gnu++17";
				CLANG_CXX_LIBRARY = "libc++";
				CLANG_ENABLE_MODULES = YES;
				CLANG_ENABLE_OBJC_ARC = YES;
				CLANG_ENABLE_OBJC_WEAK = YES;
				CLANG_WARN_BLOCK_CAPTURE_AUTORELEASING = YES;
				CLANG_WARN_BOOL_CONVERSION = YES;
				CLANG_WARN_COMMA = YES;
				CLANG_WARN_CONSTANT_CONVERSION = YES;
				CLANG_WARN_DEPRECATED_OBJC_IMPLEMENTATIONS = YES;
				CLANG_WARN_DIRECT_OBJC_ISA_USAGE = YES_ERROR;
				CLANG_WARN_DOCUMENTATION_COMMENTS = YES;
				CLANG_WARN_EMPTY_BODY = YES;
				CLANG_WARN_ENUM_CONVERSION = YES;
				CLANG_WARN_INFINITE_RECURSION = YES;
				CLANG_WARN_INT_CONVERSION = YES;
				CLANG_WARN_NON_LITERAL_NULL_CONVERSION = YES;
				CLANG_WARN_OBJC_IMPLICIT_RETAIN_SELF = YES;
				CLANG_WARN_OBJC_LITERAL_CONVERSION = YES;
				CLANG_WARN_OBJC_ROOT_CLASS = YES_ERROR;
				CLANG_WARN_QUOTED_INCLUDE_IN_FRAMEWORK_HEADER = YES;
				CLANG_WARN_RANGE_LOOP_ANALYSIS = YES;
				CLANG_WARN_STRICT_PROTOTYPES = YES;
				CLANG_WARN_SUSPICIOUS_MOVE = YES;
				CLANG_WARN_UNGUARDED_AVAILABILITY = YES_AGGRESSIVE;
				CLANG_WARN_UNREACHABLE_CODE = YES;
				CLANG_WARN__DUPLICATE_METHOD_MATCH = YES;
				COPY_PHASE_STRIP = NO;
				CURRENT_PROJECT_VERSION = 1;
				DEBUG_INFORMATION_FORMAT = "dwarf-with-dsym";
				ENABLE_NS_ASSERTIONS = NO;
				ENABLE_STRICT_OBJC_MSGSEND = YES;
				GCC_C_LANGUAGE_STANDARD = gnu11;
				GCC_NO_COMMON_BLOCKS = YES;
				GCC_WARN_64_TO_32_BIT_CONVERSION = YES;
				GCC_WARN_ABOUT_RETURN_TYPE = YES_ERROR;
				GCC_WARN_UNDECLARED_SELECTOR = YES;
				GCC_WARN_UNINITIALIZED_AUTOS = YES_AGGRESSIVE;
				GCC_WARN_UNUSED_FUNCTION = YES;
				GCC_WARN_UNUSED_VARIABLE = YES;
				IPHONEOS_DEPLOYMENT_TARGET = 15.0;
				MTL_ENABLE_DEBUG_INFO = NO;
				MTL_FAST_MATH = YES;
				SDKROOT = iphoneos;
				SWIFT_COMPILATION_MODE = wholemodule;
				SWIFT_OPTIMIZATION_LEVEL = "-O";
				VALIDATE_PRODUCT = YES;
				VERSIONING_SYSTEM = "apple-generic";
				VERSION_INFO_PREFIX = "";
			};
			name = Release;
		};
		4E083D9F27899B46009E7C7F /* Debug */ = {
			isa = XCBuildConfiguration;
			baseConfigurationReference = 5B71C1DF59D684796E2A67ED /* Pods-Common.debug.xcconfig */;
			buildSettings = {
				CODE_SIGN_STYLE = Automatic;
				CURRENT_PROJECT_VERSION = 1;
				DEFINES_MODULE = YES;
				DEVELOPMENT_TEAM = 64J85CZRGD;
				DYLIB_COMPATIBILITY_VERSION = 1;
				DYLIB_CURRENT_VERSION = 1;
				DYLIB_INSTALL_NAME_BASE = "@rpath";
				GENERATE_INFOPLIST_FILE = YES;
				INFOPLIST_KEY_NSHumanReadableCopyright = "";
				INSTALL_PATH = "$(LOCAL_LIBRARY_DIR)/Frameworks";
				LD_RUNPATH_SEARCH_PATHS = (
					"$(inherited)",
					"@executable_path/Frameworks",
					"@loader_path/Frameworks",
				);
				MARKETING_VERSION = 1.0;
				PRODUCT_BUNDLE_IDENTIFIER = com.marvel.heros.www.Common;
				PRODUCT_NAME = "$(TARGET_NAME:c99extidentifier)";
				SKIP_INSTALL = YES;
				SUPPORTS_MACCATALYST = NO;
				SWIFT_EMIT_LOC_STRINGS = YES;
				SWIFT_VERSION = 5.0;
				TARGETED_DEVICE_FAMILY = 1;
			};
			name = Debug;
		};
		4E083DA027899B46009E7C7F /* Release */ = {
			isa = XCBuildConfiguration;
			baseConfigurationReference = CC6259BB085CF29BDB517762 /* Pods-Common.release.xcconfig */;
			buildSettings = {
				CODE_SIGN_STYLE = Automatic;
				CURRENT_PROJECT_VERSION = 1;
				DEFINES_MODULE = YES;
				DEVELOPMENT_TEAM = 64J85CZRGD;
				DYLIB_COMPATIBILITY_VERSION = 1;
				DYLIB_CURRENT_VERSION = 1;
				DYLIB_INSTALL_NAME_BASE = "@rpath";
				GENERATE_INFOPLIST_FILE = YES;
				INFOPLIST_KEY_NSHumanReadableCopyright = "";
				INSTALL_PATH = "$(LOCAL_LIBRARY_DIR)/Frameworks";
				LD_RUNPATH_SEARCH_PATHS = (
					"$(inherited)",
					"@executable_path/Frameworks",
					"@loader_path/Frameworks",
				);
				MARKETING_VERSION = 1.0;
				PRODUCT_BUNDLE_IDENTIFIER = com.marvel.heros.www.Common;
				PRODUCT_NAME = "$(TARGET_NAME:c99extidentifier)";
				SKIP_INSTALL = YES;
				SUPPORTS_MACCATALYST = NO;
				SWIFT_EMIT_LOC_STRINGS = YES;
				SWIFT_VERSION = 5.0;
				TARGETED_DEVICE_FAMILY = 1;
			};
			name = Release;
		};
		4E083DA227899B46009E7C7F /* Debug */ = {
			isa = XCBuildConfiguration;
			baseConfigurationReference = 38FC88F99806304036BB7C0A /* Pods-Common-CommonTests.debug.xcconfig */;
			buildSettings = {
				CODE_SIGN_STYLE = Automatic;
				CURRENT_PROJECT_VERSION = 1;
				DEVELOPMENT_TEAM = 64J85CZRGD;
				GENERATE_INFOPLIST_FILE = YES;
				LD_RUNPATH_SEARCH_PATHS = (
					"$(inherited)",
					"@executable_path/Frameworks",
					"@loader_path/Frameworks",
				);
				MARKETING_VERSION = 1.0;
				PRODUCT_BUNDLE_IDENTIFIER = com.marvel.heros.www.CommonTests;
				PRODUCT_NAME = "$(TARGET_NAME)";
				SWIFT_EMIT_LOC_STRINGS = NO;
				SWIFT_VERSION = 5.0;
				TARGETED_DEVICE_FAMILY = "1,2";
			};
			name = Debug;
		};
		4E083DA327899B46009E7C7F /* Release */ = {
			isa = XCBuildConfiguration;
			baseConfigurationReference = 852DE67A724ADB7592CD33E7 /* Pods-Common-CommonTests.release.xcconfig */;
			buildSettings = {
				CODE_SIGN_STYLE = Automatic;
				CURRENT_PROJECT_VERSION = 1;
				DEVELOPMENT_TEAM = 64J85CZRGD;
				GENERATE_INFOPLIST_FILE = YES;
				LD_RUNPATH_SEARCH_PATHS = (
					"$(inherited)",
					"@executable_path/Frameworks",
					"@loader_path/Frameworks",
				);
				MARKETING_VERSION = 1.0;
				PRODUCT_BUNDLE_IDENTIFIER = com.marvel.heros.www.CommonTests;
				PRODUCT_NAME = "$(TARGET_NAME)";
				SWIFT_EMIT_LOC_STRINGS = NO;
				SWIFT_VERSION = 5.0;
				TARGETED_DEVICE_FAMILY = "1,2";
			};
			name = Release;
		};
/* End XCBuildConfiguration section */

/* Begin XCConfigurationList section */
		4E083D8427899B46009E7C7F /* Build configuration list for PBXProject "Common" */ = {
			isa = XCConfigurationList;
			buildConfigurations = (
				4E083D9C27899B46009E7C7F /* Debug */,
				4E083D9D27899B46009E7C7F /* Release */,
			);
			defaultConfigurationIsVisible = 0;
			defaultConfigurationName = Debug;
		};
		4E083D9E27899B46009E7C7F /* Build configuration list for PBXNativeTarget "Common" */ = {
			isa = XCConfigurationList;
			buildConfigurations = (
				4E083D9F27899B46009E7C7F /* Debug */,
				4E083DA027899B46009E7C7F /* Release */,
			);
			defaultConfigurationIsVisible = 0;
			defaultConfigurationName = Debug;
		};
		4E083DA127899B46009E7C7F /* Build configuration list for PBXNativeTarget "CommonTests" */ = {
			isa = XCConfigurationList;
			buildConfigurations = (
				4E083DA227899B46009E7C7F /* Debug */,
				4E083DA327899B46009E7C7F /* Release */,
			);
			defaultConfigurationIsVisible = 0;
			defaultConfigurationName = Debug;
		};
/* End XCConfigurationList section */
	};
	rootObject = 4E083D8127899B46009E7C7F /* Project object */;
}
