// !$*UTF8*$!
{
	archiveVersion = 1;
	classes = {
	};
	objectVersion = 55;
	objects = {

/* Begin PBXBuildFile section */
		4E1213912788B90B007591D1 /* HeroDetailsApp.swift in Sources */ = {isa = PBXBuildFile; fileRef = 4E1213902788B90B007591D1 /* HeroDetailsApp.swift */; };
		4E1213932788B90B007591D1 /* ContentView.swift in Sources */ = {isa = PBXBuildFile; fileRef = 4E1213922788B90B007591D1 /* ContentView.swift */; };
		4E1213952788B90D007591D1 /* Assets.xcassets in Resources */ = {isa = PBXBuildFile; fileRef = 4E1213942788B90D007591D1 /* Assets.xcassets */; };
		4E1213982788B90D007591D1 /* Preview Assets.xcassets in Resources */ = {isa = PBXBuildFile; fileRef = 4E1213972788B90D007591D1 /* Preview Assets.xcassets */; };
		4E1213D32788B934007591D1 /* HeroDetailsTests.swift in Sources */ = {isa = PBXBuildFile; fileRef = 4E1213CF2788B934007591D1 /* HeroDetailsTests.swift */; };
		4E1213D42788B934007591D1 /* HeroDetailsUITestsLaunchTests.swift in Sources */ = {isa = PBXBuildFile; fileRef = 4E1213D12788B934007591D1 /* HeroDetailsUITestsLaunchTests.swift */; };
		4E1213D52788B934007591D1 /* HeroDetailsUITests.swift in Sources */ = {isa = PBXBuildFile; fileRef = 4E1213D22788B934007591D1 /* HeroDetailsUITests.swift */; };
/* End PBXBuildFile section */

/* Begin PBXContainerItemProxy section */
		4E12139E2788B90D007591D1 /* PBXContainerItemProxy */ = {
			isa = PBXContainerItemProxy;
			containerPortal = 4E1213852788B90B007591D1 /* Project object */;
			proxyType = 1;
			remoteGlobalIDString = 4E12138C2788B90B007591D1;
			remoteInfo = HeroDetails;
		};
		4E1213A82788B90D007591D1 /* PBXContainerItemProxy */ = {
			isa = PBXContainerItemProxy;
			containerPortal = 4E1213852788B90B007591D1 /* Project object */;
			proxyType = 1;
			remoteGlobalIDString = 4E12138C2788B90B007591D1;
			remoteInfo = HeroDetails;
		};
/* End PBXContainerItemProxy section */

/* Begin PBXFileReference section */
		4E12138D2788B90B007591D1 /* HeroDetails.app */ = {isa = PBXFileReference; explicitFileType = wrapper.application; includeInIndex = 0; path = HeroDetails.app; sourceTree = BUILT_PRODUCTS_DIR; };
		4E1213902788B90B007591D1 /* HeroDetailsApp.swift */ = {isa = PBXFileReference; lastKnownFileType = sourcecode.swift; path = HeroDetailsApp.swift; sourceTree = "<group>"; };
		4E1213922788B90B007591D1 /* ContentView.swift */ = {isa = PBXFileReference; lastKnownFileType = sourcecode.swift; path = ContentView.swift; sourceTree = "<group>"; };
		4E1213942788B90D007591D1 /* Assets.xcassets */ = {isa = PBXFileReference; lastKnownFileType = folder.assetcatalog; path = Assets.xcassets; sourceTree = "<group>"; };
		4E1213972788B90D007591D1 /* Preview Assets.xcassets */ = {isa = PBXFileReference; lastKnownFileType = folder.assetcatalog; path = "Preview Assets.xcassets"; sourceTree = "<group>"; };
		4E12139D2788B90D007591D1 /* HeroDetailsTests.xctest */ = {isa = PBXFileReference; explicitFileType = wrapper.cfbundle; includeInIndex = 0; path = HeroDetailsTests.xctest; sourceTree = BUILT_PRODUCTS_DIR; };
		4E1213A72788B90D007591D1 /* HeroDetailsUITests.xctest */ = {isa = PBXFileReference; explicitFileType = wrapper.cfbundle; includeInIndex = 0; path = HeroDetailsUITests.xctest; sourceTree = BUILT_PRODUCTS_DIR; };
		4E1213CF2788B934007591D1 /* HeroDetailsTests.swift */ = {isa = PBXFileReference; fileEncoding = 4; lastKnownFileType = sourcecode.swift; path = HeroDetailsTests.swift; sourceTree = "<group>"; };
		4E1213D12788B934007591D1 /* HeroDetailsUITestsLaunchTests.swift */ = {isa = PBXFileReference; fileEncoding = 4; lastKnownFileType = sourcecode.swift; path = HeroDetailsUITestsLaunchTests.swift; sourceTree = "<group>"; };
		4E1213D22788B934007591D1 /* HeroDetailsUITests.swift */ = {isa = PBXFileReference; fileEncoding = 4; lastKnownFileType = sourcecode.swift; path = HeroDetailsUITests.swift; sourceTree = "<group>"; };
/* End PBXFileReference section */

/* Begin PBXFrameworksBuildPhase section */
		4E12138A2788B90B007591D1 /* Frameworks */ = {
			isa = PBXFrameworksBuildPhase;
			buildActionMask = 2147483647;
			files = (
			);
			runOnlyForDeploymentPostprocessing = 0;
		};
		4E12139A2788B90D007591D1 /* Frameworks */ = {
			isa = PBXFrameworksBuildPhase;
			buildActionMask = 2147483647;
			files = (
			);
			runOnlyForDeploymentPostprocessing = 0;
		};
		4E1213A42788B90D007591D1 /* Frameworks */ = {
			isa = PBXFrameworksBuildPhase;
			buildActionMask = 2147483647;
			files = (
			);
			runOnlyForDeploymentPostprocessing = 0;
		};
/* End PBXFrameworksBuildPhase section */

/* Begin PBXGroup section */
		4E1213842788B90B007591D1 = {
			isa = PBXGroup;
			children = (
				4E12138F2788B90B007591D1 /* HeroDetails */,
				4E1213CE2788B933007591D1 /* HeroDetailsTests */,
				4E1213D02788B934007591D1 /* HeroDetailsUITests */,
				4E12138E2788B90B007591D1 /* Products */,
			);
			sourceTree = "<group>";
		};
		4E12138E2788B90B007591D1 /* Products */ = {
			isa = PBXGroup;
			children = (
				4E12138D2788B90B007591D1 /* HeroDetails.app */,
				4E12139D2788B90D007591D1 /* HeroDetailsTests.xctest */,
				4E1213A72788B90D007591D1 /* HeroDetailsUITests.xctest */,
			);
			name = Products;
			sourceTree = "<group>";
		};
		4E12138F2788B90B007591D1 /* HeroDetails */ = {
			isa = PBXGroup;
			children = (
				4E1213902788B90B007591D1 /* HeroDetailsApp.swift */,
				4E1213922788B90B007591D1 /* ContentView.swift */,
				4E1213942788B90D007591D1 /* Assets.xcassets */,
				4E1213962788B90D007591D1 /* Preview Content */,
			);
			path = HeroDetails;
			sourceTree = "<group>";
		};
		4E1213962788B90D007591D1 /* Preview Content */ = {
			isa = PBXGroup;
			children = (
				4E1213972788B90D007591D1 /* Preview Assets.xcassets */,
			);
			path = "Preview Content";
			sourceTree = "<group>";
		};
		4E1213CE2788B933007591D1 /* HeroDetailsTests */ = {
			isa = PBXGroup;
			children = (
				4E1213CF2788B934007591D1 /* HeroDetailsTests.swift */,
			);
			path = HeroDetailsTests;
			sourceTree = SOURCE_ROOT;
		};
		4E1213D02788B934007591D1 /* HeroDetailsUITests */ = {
			isa = PBXGroup;
			children = (
				4E1213D12788B934007591D1 /* HeroDetailsUITestsLaunchTests.swift */,
				4E1213D22788B934007591D1 /* HeroDetailsUITests.swift */,
			);
			path = HeroDetailsUITests;
			sourceTree = SOURCE_ROOT;
		};
/* End PBXGroup section */

/* Begin PBXNativeTarget section */
		4E12138C2788B90B007591D1 /* HeroDetails */ = {
			isa = PBXNativeTarget;
			buildConfigurationList = 4E1213B12788B90D007591D1 /* Build configuration list for PBXNativeTarget "HeroDetails" */;
			buildPhases = (
				4E1213892788B90B007591D1 /* Sources */,
				4E12138A2788B90B007591D1 /* Frameworks */,
				4E12138B2788B90B007591D1 /* Resources */,
			);
			buildRules = (
			);
			dependencies = (
			);
			name = HeroDetails;
			productName = HeroDetails;
			productReference = 4E12138D2788B90B007591D1 /* HeroDetails.app */;
			productType = "com.apple.product-type.application";
		};
		4E12139C2788B90D007591D1 /* HeroDetailsTests */ = {
			isa = PBXNativeTarget;
			buildConfigurationList = 4E1213B42788B90D007591D1 /* Build configuration list for PBXNativeTarget "HeroDetailsTests" */;
			buildPhases = (
				4E1213992788B90D007591D1 /* Sources */,
				4E12139A2788B90D007591D1 /* Frameworks */,
				4E12139B2788B90D007591D1 /* Resources */,
			);
			buildRules = (
			);
			dependencies = (
				4E12139F2788B90D007591D1 /* PBXTargetDependency */,
			);
			name = HeroDetailsTests;
			productName = HeroDetailsTests;
			productReference = 4E12139D2788B90D007591D1 /* HeroDetailsTests.xctest */;
			productType = "com.apple.product-type.bundle.unit-test";
		};
		4E1213A62788B90D007591D1 /* HeroDetailsUITests */ = {
			isa = PBXNativeTarget;
			buildConfigurationList = 4E1213B72788B90D007591D1 /* Build configuration list for PBXNativeTarget "HeroDetailsUITests" */;
			buildPhases = (
				4E1213A32788B90D007591D1 /* Sources */,
				4E1213A42788B90D007591D1 /* Frameworks */,
				4E1213A52788B90D007591D1 /* Resources */,
			);
			buildRules = (
			);
			dependencies = (
				4E1213A92788B90D007591D1 /* PBXTargetDependency */,
			);
			name = HeroDetailsUITests;
			productName = HeroDetailsUITests;
			productReference = 4E1213A72788B90D007591D1 /* HeroDetailsUITests.xctest */;
			productType = "com.apple.product-type.bundle.ui-testing";
		};
/* End PBXNativeTarget section */

/* Begin PBXProject section */
		4E1213852788B90B007591D1 /* Project object */ = {
			isa = PBXProject;
			attributes = {
				BuildIndependentTargetsInParallel = 1;
				LastSwiftUpdateCheck = 1310;
				LastUpgradeCheck = 1310;
				TargetAttributes = {
					4E12138C2788B90B007591D1 = {
						CreatedOnToolsVersion = 13.1;
					};
					4E12139C2788B90D007591D1 = {
						CreatedOnToolsVersion = 13.1;
						TestTargetID = 4E12138C2788B90B007591D1;
					};
					4E1213A62788B90D007591D1 = {
						CreatedOnToolsVersion = 13.1;
						TestTargetID = 4E12138C2788B90B007591D1;
					};
				};
			};
			buildConfigurationList = 4E1213882788B90B007591D1 /* Build configuration list for PBXProject "HeroDetails" */;
			compatibilityVersion = "Xcode 13.0";
			developmentRegion = en;
			hasScannedForEncodings = 0;
			knownRegions = (
				en,
				Base,
			);
			mainGroup = 4E1213842788B90B007591D1;
			productRefGroup = 4E12138E2788B90B007591D1 /* Products */;
			projectDirPath = "";
			projectRoot = "";
			targets = (
				4E12138C2788B90B007591D1 /* HeroDetails */,
				4E12139C2788B90D007591D1 /* HeroDetailsTests */,
				4E1213A62788B90D007591D1 /* HeroDetailsUITests */,
			);
		};
/* End PBXProject section */

/* Begin PBXResourcesBuildPhase section */
		4E12138B2788B90B007591D1 /* Resources */ = {
			isa = PBXResourcesBuildPhase;
			buildActionMask = 2147483647;
			files = (
				4E1213982788B90D007591D1 /* Preview Assets.xcassets in Resources */,
				4E1213952788B90D007591D1 /* Assets.xcassets in Resources */,
			);
			runOnlyForDeploymentPostprocessing = 0;
		};
		4E12139B2788B90D007591D1 /* Resources */ = {
			isa = PBXResourcesBuildPhase;
			buildActionMask = 2147483647;
			files = (
			);
			runOnlyForDeploymentPostprocessing = 0;
		};
		4E1213A52788B90D007591D1 /* Resources */ = {
			isa = PBXResourcesBuildPhase;
			buildActionMask = 2147483647;
			files = (
			);
			runOnlyForDeploymentPostprocessing = 0;
		};
/* End PBXResourcesBuildPhase section */

/* Begin PBXSourcesBuildPhase section */
		4E1213892788B90B007591D1 /* Sources */ = {
			isa = PBXSourcesBuildPhase;
			buildActionMask = 2147483647;
			files = (
				4E1213932788B90B007591D1 /* ContentView.swift in Sources */,
				4E1213D42788B934007591D1 /* HeroDetailsUITestsLaunchTests.swift in Sources */,
				4E1213D52788B934007591D1 /* HeroDetailsUITests.swift in Sources */,
				4E1213D32788B934007591D1 /* HeroDetailsTests.swift in Sources */,
				4E1213912788B90B007591D1 /* HeroDetailsApp.swift in Sources */,
			);
			runOnlyForDeploymentPostprocessing = 0;
		};
		4E1213992788B90D007591D1 /* Sources */ = {
			isa = PBXSourcesBuildPhase;
			buildActionMask = 2147483647;
			files = (
			);
			runOnlyForDeploymentPostprocessing = 0;
		};
		4E1213A32788B90D007591D1 /* Sources */ = {
			isa = PBXSourcesBuildPhase;
			buildActionMask = 2147483647;
			files = (
			);
			runOnlyForDeploymentPostprocessing = 0;
		};
/* End PBXSourcesBuildPhase section */

/* Begin PBXTargetDependency section */
		4E12139F2788B90D007591D1 /* PBXTargetDependency */ = {
			isa = PBXTargetDependency;
			target = 4E12138C2788B90B007591D1 /* HeroDetails */;
			targetProxy = 4E12139E2788B90D007591D1 /* PBXContainerItemProxy */;
		};
		4E1213A92788B90D007591D1 /* PBXTargetDependency */ = {
			isa = PBXTargetDependency;
			target = 4E12138C2788B90B007591D1 /* HeroDetails */;
			targetProxy = 4E1213A82788B90D007591D1 /* PBXContainerItemProxy */;
		};
/* End PBXTargetDependency section */

/* Begin XCBuildConfiguration section */
		4E1213AF2788B90D007591D1 /* Debug */ = {
			isa = XCBuildConfiguration;
			buildSettings = {
				ALWAYS_SEARCH_USER_PATHS = NO;
				CLANG_ANALYZER_NONNULL = YES;
				CLANG_ANALYZER_NUMBER_OBJECT_CONVERSION = YES_AGGRESSIVE;
				CLANG_CXX_LANGUAGE_STANDARD = "gnu++17";
				CLANG_CXX_LIBRARY = "libc++";
				CLANG_ENABLE_MODULES = YES;
				CLANG_ENABLE_OBJC_ARC = YES;
				CLANG_ENABLE_OBJC_WEAK = YES;
				CLANG_WARN_BLOCK_CAPTURE_AUTORELEASING = YES;
				CLANG_WARN_BOOL_CONVERSION = YES;
				CLANG_WARN_COMMA = YES;
				CLANG_WARN_CONSTANT_CONVERSION = YES;
				CLANG_WARN_DEPRECATED_OBJC_IMPLEMENTATIONS = YES;
				CLANG_WARN_DIRECT_OBJC_ISA_USAGE = YES_ERROR;
				CLANG_WARN_DOCUMENTATION_COMMENTS = YES;
				CLANG_WARN_EMPTY_BODY = YES;
				CLANG_WARN_ENUM_CONVERSION = YES;
				CLANG_WARN_INFINITE_RECURSION = YES;
				CLANG_WARN_INT_CONVERSION = YES;
				CLANG_WARN_NON_LITERAL_NULL_CONVERSION = YES;
				CLANG_WARN_OBJC_IMPLICIT_RETAIN_SELF = YES;
				CLANG_WARN_OBJC_LITERAL_CONVERSION = YES;
				CLANG_WARN_OBJC_ROOT_CLASS = YES_ERROR;
				CLANG_WARN_QUOTED_INCLUDE_IN_FRAMEWORK_HEADER = YES;
				CLANG_WARN_RANGE_LOOP_ANALYSIS = YES;
				CLANG_WARN_STRICT_PROTOTYPES = YES;
				CLANG_WARN_SUSPICIOUS_MOVE = YES;
				CLANG_WARN_UNGUARDED_AVAILABILITY = YES_AGGRESSIVE;
				CLANG_WARN_UNREACHABLE_CODE = YES;
				CLANG_WARN__DUPLICATE_METHOD_MATCH = YES;
				COPY_PHASE_STRIP = NO;
				DEBUG_INFORMATION_FORMAT = dwarf;
				ENABLE_STRICT_OBJC_MSGSEND = YES;
				ENABLE_TESTABILITY = YES;
				GCC_C_LANGUAGE_STANDARD = gnu11;
				GCC_DYNAMIC_NO_PIC = NO;
				GCC_NO_COMMON_BLOCKS = YES;
				GCC_OPTIMIZATION_LEVEL = 0;
				GCC_PREPROCESSOR_DEFINITIONS = (
					"DEBUG=1",
					"$(inherited)",
				);
				GCC_WARN_64_TO_32_BIT_CONVERSION = YES;
				GCC_WARN_ABOUT_RETURN_TYPE = YES_ERROR;
				GCC_WARN_UNDECLARED_SELECTOR = YES;
				GCC_WARN_UNINITIALIZED_AUTOS = YES_AGGRESSIVE;
				GCC_WARN_UNUSED_FUNCTION = YES;
				GCC_WARN_UNUSED_VARIABLE = YES;
				IPHONEOS_DEPLOYMENT_TARGET = 15.0;
				MTL_ENABLE_DEBUG_INFO = INCLUDE_SOURCE;
				MTL_FAST_MATH = YES;
				ONLY_ACTIVE_ARCH = YES;
				SDKROOT = iphoneos;
				SWIFT_ACTIVE_COMPILATION_CONDITIONS = DEBUG;
				SWIFT_OPTIMIZATION_LEVEL = "-Onone";
			};
			name = Debug;
		};
		4E1213B02788B90D007591D1 /* Release */ = {
			isa = XCBuildConfiguration;
			buildSettings = {
				ALWAYS_SEARCH_USER_PATHS = NO;
				CLANG_ANALYZER_NONNULL = YES;
				CLANG_ANALYZER_NUMBER_OBJECT_CONVERSION = YES_AGGRESSIVE;
				CLANG_CXX_LANGUAGE_STANDARD = "gnu++17";
				CLANG_CXX_LIBRARY = "libc++";
				CLANG_ENABLE_MODULES = YES;
				CLANG_ENABLE_OBJC_ARC = YES;
				CLANG_ENABLE_OBJC_WEAK = YES;
				CLANG_WARN_BLOCK_CAPTURE_AUTORELEASING = YES;
				CLANG_WARN_BOOL_CONVERSION = YES;
				CLANG_WARN_COMMA = YES;
				CLANG_WARN_CONSTANT_CONVERSION = YES;
				CLANG_WARN_DEPRECATED_OBJC_IMPLEMENTATIONS = YES;
				CLANG_WARN_DIRECT_OBJC_ISA_USAGE = YES_ERROR;
				CLANG_WARN_DOCUMENTATION_COMMENTS = YES;
				CLANG_WARN_EMPTY_BODY = YES;
				CLANG_WARN_ENUM_CONVERSION = YES;
				CLANG_WARN_INFINITE_RECURSION = YES;
				CLANG_WARN_INT_CONVERSION = YES;
				CLANG_WARN_NON_LITERAL_NULL_CONVERSION = YES;
				CLANG_WARN_OBJC_IMPLICIT_RETAIN_SELF = YES;
				CLANG_WARN_OBJC_LITERAL_CONVERSION = YES;
				CLANG_WARN_OBJC_ROOT_CLASS = YES_ERROR;
				CLANG_WARN_QUOTED_INCLUDE_IN_FRAMEWORK_HEADER = YES;
				CLANG_WARN_RANGE_LOOP_ANALYSIS = YES;
				CLANG_WARN_STRICT_PROTOTYPES = YES;
				CLANG_WARN_SUSPICIOUS_MOVE = YES;
				CLANG_WARN_UNGUARDED_AVAILABILITY = YES_AGGRESSIVE;
				CLANG_WARN_UNREACHABLE_CODE = YES;
				CLANG_WARN__DUPLICATE_METHOD_MATCH = YES;
				COPY_PHASE_STRIP = NO;
				DEBUG_INFORMATION_FORMAT = "dwarf-with-dsym";
				ENABLE_NS_ASSERTIONS = NO;
				ENABLE_STRICT_OBJC_MSGSEND = YES;
				GCC_C_LANGUAGE_STANDARD = gnu11;
				GCC_NO_COMMON_BLOCKS = YES;
				GCC_WARN_64_TO_32_BIT_CONVERSION = YES;
				GCC_WARN_ABOUT_RETURN_TYPE = YES_ERROR;
				GCC_WARN_UNDECLARED_SELECTOR = YES;
				GCC_WARN_UNINITIALIZED_AUTOS = YES_AGGRESSIVE;
				GCC_WARN_UNUSED_FUNCTION = YES;
				GCC_WARN_UNUSED_VARIABLE = YES;
				IPHONEOS_DEPLOYMENT_TARGET = 15.0;
				MTL_ENABLE_DEBUG_INFO = NO;
				MTL_FAST_MATH = YES;
				SDKROOT = iphoneos;
				SWIFT_COMPILATION_MODE = wholemodule;
				SWIFT_OPTIMIZATION_LEVEL = "-O";
				VALIDATE_PRODUCT = YES;
			};
			name = Release;
		};
		4E1213B22788B90D007591D1 /* Debug */ = {
			isa = XCBuildConfiguration;
			buildSettings = {
				ASSETCATALOG_COMPILER_APPICON_NAME = AppIcon;
				ASSETCATALOG_COMPILER_GLOBAL_ACCENT_COLOR_NAME = AccentColor;
				CODE_SIGN_STYLE = Automatic;
				CURRENT_PROJECT_VERSION = 1;
				DEVELOPMENT_ASSET_PATHS = "\"HeroDetails/Preview Content\"";
				DEVELOPMENT_TEAM = 64J85CZRGD;
				ENABLE_PREVIEWS = YES;
				GENERATE_INFOPLIST_FILE = YES;
				INFOPLIST_KEY_UIApplicationSceneManifest_Generation = YES;
				INFOPLIST_KEY_UIApplicationSupportsIndirectInputEvents = YES;
				INFOPLIST_KEY_UILaunchScreen_Generation = YES;
				INFOPLIST_KEY_UISupportedInterfaceOrientations_iPad = "UIInterfaceOrientationPortrait UIInterfaceOrientationPortraitUpsideDown UIInterfaceOrientationLandscapeLeft UIInterfaceOrientationLandscapeRight";
				INFOPLIST_KEY_UISupportedInterfaceOrientations_iPhone = "UIInterfaceOrientationPortrait UIInterfaceOrientationLandscapeLeft UIInterfaceOrientationLandscapeRight";
				LD_RUNPATH_SEARCH_PATHS = (
					"$(inherited)",
					"@executable_path/Frameworks",
				);
				MARKETING_VERSION = 1.0;
				PRODUCT_BUNDLE_IDENTIFIER = com.marvel.heros.www.HeroDetails;
				PRODUCT_NAME = "$(TARGET_NAME)";
				SWIFT_EMIT_LOC_STRINGS = YES;
				SWIFT_VERSION = 5.0;
				TARGETED_DEVICE_FAMILY = "1,2";
			};
			name = Debug;
		};
		4E1213B32788B90D007591D1 /* Release */ = {
			isa = XCBuildConfiguration;
			buildSettings = {
				ASSETCATALOG_COMPILER_APPICON_NAME = AppIcon;
				ASSETCATALOG_COMPILER_GLOBAL_ACCENT_COLOR_NAME = AccentColor;
				CODE_SIGN_STYLE = Automatic;
				CURRENT_PROJECT_VERSION = 1;
				DEVELOPMENT_ASSET_PATHS = "\"HeroDetails/Preview Content\"";
				DEVELOPMENT_TEAM = 64J85CZRGD;
				ENABLE_PREVIEWS = YES;
				GENERATE_INFOPLIST_FILE = YES;
				INFOPLIST_KEY_UIApplicationSceneManifest_Generation = YES;
				INFOPLIST_KEY_UIApplicationSupportsIndirectInputEvents = YES;
				INFOPLIST_KEY_UILaunchScreen_Generation = YES;
				INFOPLIST_KEY_UISupportedInterfaceOrientations_iPad = "UIInterfaceOrientationPortrait UIInterfaceOrientationPortraitUpsideDown UIInterfaceOrientationLandscapeLeft UIInterfaceOrientationLandscapeRight";
				INFOPLIST_KEY_UISupportedInterfaceOrientations_iPhone = "UIInterfaceOrientationPortrait UIInterfaceOrientationLandscapeLeft UIInterfaceOrientationLandscapeRight";
				LD_RUNPATH_SEARCH_PATHS = (
					"$(inherited)",
					"@executable_path/Frameworks",
				);
				MARKETING_VERSION = 1.0;
				PRODUCT_BUNDLE_IDENTIFIER = com.marvel.heros.www.HeroDetails;
				PRODUCT_NAME = "$(TARGET_NAME)";
				SWIFT_EMIT_LOC_STRINGS = YES;
				SWIFT_VERSION = 5.0;
				TARGETED_DEVICE_FAMILY = "1,2";
			};
			name = Release;
		};
		4E1213B52788B90D007591D1 /* Debug */ = {
			isa = XCBuildConfiguration;
			buildSettings = {
				ALWAYS_EMBED_SWIFT_STANDARD_LIBRARIES = YES;
				BUNDLE_LOADER = "$(TEST_HOST)";
				CODE_SIGN_STYLE = Automatic;
				CURRENT_PROJECT_VERSION = 1;
				DEVELOPMENT_TEAM = 64J85CZRGD;
				GENERATE_INFOPLIST_FILE = YES;
				IPHONEOS_DEPLOYMENT_TARGET = 15.0;
				LD_RUNPATH_SEARCH_PATHS = (
					"$(inherited)",
					"@executable_path/Frameworks",
					"@loader_path/Frameworks",
				);
				MARKETING_VERSION = 1.0;
				PRODUCT_BUNDLE_IDENTIFIER = com.marvel.heros.www.HeroDetailsTests;
				PRODUCT_NAME = "$(TARGET_NAME)";
				SWIFT_EMIT_LOC_STRINGS = NO;
				SWIFT_VERSION = 5.0;
				TARGETED_DEVICE_FAMILY = "1,2";
				TEST_HOST = "$(BUILT_PRODUCTS_DIR)/HeroDetails.app/HeroDetails";
			};
			name = Debug;
		};
		4E1213B62788B90D007591D1 /* Release */ = {
			isa = XCBuildConfiguration;
			buildSettings = {
				ALWAYS_EMBED_SWIFT_STANDARD_LIBRARIES = YES;
				BUNDLE_LOADER = "$(TEST_HOST)";
				CODE_SIGN_STYLE = Automatic;
				CURRENT_PROJECT_VERSION = 1;
				DEVELOPMENT_TEAM = 64J85CZRGD;
				GENERATE_INFOPLIST_FILE = YES;
				IPHONEOS_DEPLOYMENT_TARGET = 15.0;
				LD_RUNPATH_SEARCH_PATHS = (
					"$(inherited)",
					"@executable_path/Frameworks",
					"@loader_path/Frameworks",
				);
				MARKETING_VERSION = 1.0;
				PRODUCT_BUNDLE_IDENTIFIER = com.marvel.heros.www.HeroDetailsTests;
				PRODUCT_NAME = "$(TARGET_NAME)";
				SWIFT_EMIT_LOC_STRINGS = NO;
				SWIFT_VERSION = 5.0;
				TARGETED_DEVICE_FAMILY = "1,2";
				TEST_HOST = "$(BUILT_PRODUCTS_DIR)/HeroDetails.app/HeroDetails";
			};
			name = Release;
		};
		4E1213B82788B90D007591D1 /* Debug */ = {
			isa = XCBuildConfiguration;
			buildSettings = {
				ALWAYS_EMBED_SWIFT_STANDARD_LIBRARIES = YES;
				CODE_SIGN_STYLE = Automatic;
				CURRENT_PROJECT_VERSION = 1;
				DEVELOPMENT_TEAM = 64J85CZRGD;
				GENERATE_INFOPLIST_FILE = YES;
				LD_RUNPATH_SEARCH_PATHS = (
					"$(inherited)",
					"@executable_path/Frameworks",
					"@loader_path/Frameworks",
				);
				MARKETING_VERSION = 1.0;
				PRODUCT_BUNDLE_IDENTIFIER = com.marvel.heros.www.HeroDetailsUITests;
				PRODUCT_NAME = "$(TARGET_NAME)";
				SWIFT_EMIT_LOC_STRINGS = NO;
				SWIFT_VERSION = 5.0;
				TARGETED_DEVICE_FAMILY = "1,2";
				TEST_TARGET_NAME = HeroDetails;
			};
			name = Debug;
		};
		4E1213B92788B90D007591D1 /* Release */ = {
			isa = XCBuildConfiguration;
			buildSettings = {
				ALWAYS_EMBED_SWIFT_STANDARD_LIBRARIES = YES;
				CODE_SIGN_STYLE = Automatic;
				CURRENT_PROJECT_VERSION = 1;
				DEVELOPMENT_TEAM = 64J85CZRGD;
				GENERATE_INFOPLIST_FILE = YES;
				LD_RUNPATH_SEARCH_PATHS = (
					"$(inherited)",
					"@executable_path/Frameworks",
					"@loader_path/Frameworks",
				);
				MARKETING_VERSION = 1.0;
				PRODUCT_BUNDLE_IDENTIFIER = com.marvel.heros.www.HeroDetailsUITests;
				PRODUCT_NAME = "$(TARGET_NAME)";
				SWIFT_EMIT_LOC_STRINGS = NO;
				SWIFT_VERSION = 5.0;
				TARGETED_DEVICE_FAMILY = "1,2";
				TEST_TARGET_NAME = HeroDetails;
			};
			name = Release;
		};
/* End XCBuildConfiguration section */

/* Begin XCConfigurationList section */
		4E1213882788B90B007591D1 /* Build configuration list for PBXProject "HeroDetails" */ = {
			isa = XCConfigurationList;
			buildConfigurations = (
				4E1213AF2788B90D007591D1 /* Debug */,
				4E1213B02788B90D007591D1 /* Release */,
			);
			defaultConfigurationIsVisible = 0;
			defaultConfigurationName = Release;
		};
		4E1213B12788B90D007591D1 /* Build configuration list for PBXNativeTarget "HeroDetails" */ = {
			isa = XCConfigurationList;
			buildConfigurations = (
				4E1213B22788B90D007591D1 /* Debug */,
				4E1213B32788B90D007591D1 /* Release */,
			);
			defaultConfigurationIsVisible = 0;
			defaultConfigurationName = Release;
		};
		4E1213B42788B90D007591D1 /* Build configuration list for PBXNativeTarget "HeroDetailsTests" */ = {
			isa = XCConfigurationList;
			buildConfigurations = (
				4E1213B52788B90D007591D1 /* Debug */,
				4E1213B62788B90D007591D1 /* Release */,
			);
			defaultConfigurationIsVisible = 0;
			defaultConfigurationName = Release;
		};
		4E1213B72788B90D007591D1 /* Build configuration list for PBXNativeTarget "HeroDetailsUITests" */ = {
			isa = XCConfigurationList;
			buildConfigurations = (
				4E1213B82788B90D007591D1 /* Debug */,
				4E1213B92788B90D007591D1 /* Release */,
			);
			defaultConfigurationIsVisible = 0;
			defaultConfigurationName = Release;
		};
/* End XCConfigurationList section */
	};
	rootObject = 4E1213852788B90B007591D1 /* Project object */;
}
